PODS:
  - Alamofire (5.2.2)
  - GRDB.swift (4.14.0):
    - GRDB.swift/standard (= 4.14.0)
  - GRDB.swift/standard (4.14.0)
  - Kingfisher (5.14.1):
    - Kingfisher/Core (= 5.14.1)
  - Kingfisher/Core (5.14.1)
  - KMNavigationBarTransition (1.1.8)
  - LeanCloud (17.6.0):
    - LeanCloud/RTM (= 17.6.0)
  - LeanCloud/Foundation (17.6.0):
    - Alamofire (~> 5.2)
  - LeanCloud/RTM (17.6.0):
    - GRDB.swift (~> 4.14)
    - LeanCloud/Foundation (= 17.6.0)
    - SwiftProtobuf (~> 1.10)
  - MBProgressHUD (1.2.0)
  - MJRefresh (3.4.3)
  - SnapKit (5.0.1)
  - SwiftProtobuf (1.10.2)
  - SwiftyJSON (5.0.0)

DEPENDENCIES:
  - Alamofire
  - Kingfisher
  - KMNavigationBarTransition (= 1.1.8)
  - LeanCloud
  - MBProgressHUD
  - MJRefresh
  - SnapKit
  - SwiftyJSON

SPEC REPOS:
  trunk:
    - Alamofire
    - GRDB.swift
    - Kingfisher
    - KMNavigationBarTransition
    - LeanCloud
    - MBProgressHUD
    - MJRefresh
    - SnapKit
    - SwiftProtobuf
    - SwiftyJSON

SPEC CHECKSUMS:
  Alamofire: 814429acc853c6c54ff123fc3d2ef66803823ce0
  GRDB.swift: 8cc3ab7c8b8b4ac1761deb8dca4b51c1c9d429f8
  Kingfisher: 8050bc6f7f68cbf3908bd04df7ccbac188f6d6d6
  KMNavigationBarTransition: 7ee1a05ff758bce9258845a803f7a8b00585bd58
  LeanCloud: 37b7dff1dd6061a572b8d4367464df74f315b74f
  MBProgressHUD: 3ee5efcc380f6a79a7cc9b363dd669c5e1ae7406
  MJRefresh: 53e3e3219f204425ee6d3e62e8733d3295944cd6
  SnapKit: 97b92857e3df3a0c71833cce143274bf6ef8e5eb
  SwiftProtobuf: bec1ae7d686ff73dd09d79866154f4970b891410
  SwiftyJSON: 36413e04c44ee145039d332b4f4e2d3e8d6c4db7

PODFILE CHECKSUM: e053e74a18b6d6f6c407e212c0b6001363a9f4f7

COCOAPODS: 1.9.3
