// !$*UTF8*$!
{
	archiveVersion = 1;
	classes = {
	};
	objectVersion = 50;
	objects = {

/* Begin PBXBuildFile section */
		FF101C5A2354044D00B78D41 /* User.swift in Sources */ = {isa = PBXBuildFile; fileRef = FF101C592354044D00B78D41 /* User.swift */; };
		FF101C5C235408E000B78D41 /* MeTabTableViewCell.swift in Sources */ = {isa = PBXBuildFile; fileRef = FF101C5B235408E000B78D41 /* MeTabTableViewCell.swift */; };
		FF101C5E23540C0E00B78D41 /* RegisterViewController.swift in Sources */ = {isa = PBXBuildFile; fileRef = FF101C5D23540C0E00B78D41 /* RegisterViewController.swift */; };
		FF101C6123541CED00B78D41 /* MeTableHeaderView.swift in Sources */ = {isa = PBXBuildFile; fileRef = FF101C6023541CED00B78D41 /* MeTableHeaderView.swift */; };
		FF101C6323541CFE00B78D41 /* MeTableHeaderView.xib in Resources */ = {isa = PBXBuildFile; fileRef = FF101C6223541CFE00B78D41 /* MeTableHeaderView.xib */; };
		FF101C65235429C200B78D41 /* UserDetailViewController.swift in Sources */ = {isa = PBXBuildFile; fileRef = FF101C64235429C200B78D41 /* UserDetailViewController.swift */; };
		FF1190532351A3C8004E87E8 /* RefreshBackNormalFooter.swift in Sources */ = {isa = PBXBuildFile; fileRef = FF1190522351A3C8004E87E8 /* RefreshBackNormalFooter.swift */; };
		FF1190552351A4EE004E87E8 /* RefreshBackStateFooter.swift in Sources */ = {isa = PBXBuildFile; fileRef = FF1190542351A4EE004E87E8 /* RefreshBackStateFooter.swift */; };
		FF11905A2351BB99004E87E8 /* RefreshStateHeader.swift in Sources */ = {isa = PBXBuildFile; fileRef = FF1190592351BB99004E87E8 /* RefreshStateHeader.swift */; };
		FF11905C2351C354004E87E8 /* RefreshNormalHeader.swift in Sources */ = {isa = PBXBuildFile; fileRef = FF11905B2351C354004E87E8 /* RefreshNormalHeader.swift */; };
		FF1C1F322340827C00D635A6 /* AppDelegate.swift in Sources */ = {isa = PBXBuildFile; fileRef = FF1C1F312340827C00D635A6 /* AppDelegate.swift */; };
		FF1C1F3B2340827E00D635A6 /* Assets.xcassets in Resources */ = {isa = PBXBuildFile; fileRef = FF1C1F3A2340827E00D635A6 /* Assets.xcassets */; };
		FF1C1F3E2340827E00D635A6 /* LaunchScreen.storyboard in Resources */ = {isa = PBXBuildFile; fileRef = FF1C1F3C2340827E00D635A6 /* LaunchScreen.storyboard */; };
		FF1C1F482340865100D635A6 /* Alamofire.framework in Frameworks */ = {isa = PBXBuildFile; fileRef = FF1C1F472340865100D635A6 /* Alamofire.framework */; };
		FF1C1F4C2340866000D635A6 /* Kingfisher.framework in Frameworks */ = {isa = PBXBuildFile; fileRef = FF1C1F4B2340866000D635A6 /* Kingfisher.framework */; };
		FF1C1F4F2340867600D635A6 /* SnapKit.framework in Frameworks */ = {isa = PBXBuildFile; fileRef = FF1C1F4E2340867600D635A6 /* SnapKit.framework */; };
		FF1C1F522340868100D635A6 /* SwiftyJSON.framework in Frameworks */ = {isa = PBXBuildFile; fileRef = FF1C1F512340868100D635A6 /* SwiftyJSON.framework */; };
		FF1C1F5523408B3D00D635A6 /* ArticleDetailViewController.swift in Sources */ = {isa = PBXBuildFile; fileRef = FF1C1F5423408B3D00D635A6 /* ArticleDetailViewController.swift */; };
		FF1C1F57234090A000D635A6 /* UIScrollViewMjRefresh.swift in Sources */ = {isa = PBXBuildFile; fileRef = FF1C1F56234090A000D635A6 /* UIScrollViewMjRefresh.swift */; };
		FF1C1F5A2340A44B00D635A6 /* RefreshComponent.swift in Sources */ = {isa = PBXBuildFile; fileRef = FF1C1F592340A44B00D635A6 /* RefreshComponent.swift */; };
		FF1C1F5C2340A98600D635A6 /* RefreshFooter.swift in Sources */ = {isa = PBXBuildFile; fileRef = FF1C1F5B2340A98600D635A6 /* RefreshFooter.swift */; };
		FF1C1F5E2341978800D635A6 /* UIViewFrameEx.swift in Sources */ = {isa = PBXBuildFile; fileRef = FF1C1F5D2341978800D635A6 /* UIViewFrameEx.swift */; };
		FF2CA585234DB46C00D1B433 /* ApiManager.swift in Sources */ = {isa = PBXBuildFile; fileRef = FF2CA583234DB46C00D1B433 /* ApiManager.swift */; };
		FF2CA586234DB46C00D1B433 /* ApiRequest.swift in Sources */ = {isa = PBXBuildFile; fileRef = FF2CA584234DB46C00D1B433 /* ApiRequest.swift */; };
		FF2CA588234DC68D00D1B433 /* MainNavigationController.swift in Sources */ = {isa = PBXBuildFile; fileRef = FF2CA587234DC68D00D1B433 /* MainNavigationController.swift */; };
		FF4135D823506F1F00B27792 /* MainTabBarController.swift in Sources */ = {isa = PBXBuildFile; fileRef = FF4135D723506F1F00B27792 /* MainTabBarController.swift */; };
		FF4135DA2350702900B27792 /* BaseViewController.swift in Sources */ = {isa = PBXBuildFile; fileRef = FF4135D92350702900B27792 /* BaseViewController.swift */; };
		FF4135DC2350704100B27792 /* HomeTabViewController.swift in Sources */ = {isa = PBXBuildFile; fileRef = FF4135DB2350704100B27792 /* HomeTabViewController.swift */; };
		FF4135DE2350704F00B27792 /* DiscoverTabViewController.swift in Sources */ = {isa = PBXBuildFile; fileRef = FF4135DD2350704F00B27792 /* DiscoverTabViewController.swift */; };
		FF4135E02350705800B27792 /* MeTabViewController.swift in Sources */ = {isa = PBXBuildFile; fileRef = FF4135DF2350705800B27792 /* MeTabViewController.swift */; };
		FF4135E7235070DD00B27792 /* UIFontExten.swift in Sources */ = {isa = PBXBuildFile; fileRef = FF4135E3235070DD00B27792 /* UIFontExten.swift */; };
		FF4135E8235070DD00B27792 /* ConstUtil.swift in Sources */ = {isa = PBXBuildFile; fileRef = FF4135E4235070DD00B27792 /* ConstUtil.swift */; };
		FF4135E9235070DD00B27792 /* ProgressHUD.swift in Sources */ = {isa = PBXBuildFile; fileRef = FF4135E5235070DD00B27792 /* ProgressHUD.swift */; };
		FF4135EA235070DD00B27792 /* ColorUtil.swift in Sources */ = {isa = PBXBuildFile; fileRef = FF4135E6235070DD00B27792 /* ColorUtil.swift */; };
		FF4135EE2350733A00B27792 /* BaseTableView.swift in Sources */ = {isa = PBXBuildFile; fileRef = FF4135ED2350733A00B27792 /* BaseTableView.swift */; };
		FF4135F22350780200B27792 /* RefreshHeader.swift in Sources */ = {isa = PBXBuildFile; fileRef = FF4135F12350780200B27792 /* RefreshHeader.swift */; };
		FF4135F42350821F00B27792 /* RefreshBackFooter.swift in Sources */ = {isa = PBXBuildFile; fileRef = FF4135F32350821F00B27792 /* RefreshBackFooter.swift */; };
		FF4135F6235083BC00B27792 /* RefreshAutoFooter.swift in Sources */ = {isa = PBXBuildFile; fileRef = FF4135F5235083BC00B27792 /* RefreshAutoFooter.swift */; };
		FF4135F92351604700B27792 /* PasswordLoginViewController.swift in Sources */ = {isa = PBXBuildFile; fileRef = FF4135F82351604700B27792 /* PasswordLoginViewController.swift */; };
		FF4135FB2351608200B27792 /* AuthInputView.swift in Sources */ = {isa = PBXBuildFile; fileRef = FF4135FA2351608200B27792 /* AuthInputView.swift */; };
		FF4135FE2351633F00B27792 /* Localizable.strings in Resources */ = {isa = PBXBuildFile; fileRef = FF4136002351633F00B27792 /* Localizable.strings */; };
		FF4136032351645300B27792 /* StringLocalizable.swift in Sources */ = {isa = PBXBuildFile; fileRef = FF4136022351645300B27792 /* StringLocalizable.swift */; };
		FF41360523516CD900B27792 /* KMNavigationBarTransition.framework in Frameworks */ = {isa = PBXBuildFile; fileRef = FF41360423516CD900B27792 /* KMNavigationBarTransition.framework */; };
		FF4136092351753C00B27792 /* UserApiRequest.swift in Sources */ = {isa = PBXBuildFile; fileRef = FF4136082351753C00B27792 /* UserApiRequest.swift */; };
		FF74780E2341B7350017DC74 /* InfoPlist.strings in Resources */ = {isa = PBXBuildFile; fileRef = FF7478102341B7350017DC74 /* InfoPlist.strings */; };
		FFD8093923545A1C00FE0FCB /* UserTableHeaderView.swift in Sources */ = {isa = PBXBuildFile; fileRef = FFD8093823545A1C00FE0FCB /* UserTableHeaderView.swift */; };
		FFD8093B23546A5F00FE0FCB /* PostLinkView.swift in Sources */ = {isa = PBXBuildFile; fileRef = FFD8093A23546A5F00FE0FCB /* PostLinkView.swift */; };
/* End PBXBuildFile section */

/* Begin PBXFileReference section */
		FF101C592354044D00B78D41 /* User.swift */ = {isa = PBXFileReference; lastKnownFileType = sourcecode.swift; path = User.swift; sourceTree = "<group>"; };
		FF101C5B235408E000B78D41 /* MeTabTableViewCell.swift */ = {isa = PBXFileReference; lastKnownFileType = sourcecode.swift; path = MeTabTableViewCell.swift; sourceTree = "<group>"; };
		FF101C5D23540C0E00B78D41 /* RegisterViewController.swift */ = {isa = PBXFileReference; lastKnownFileType = sourcecode.swift; path = RegisterViewController.swift; sourceTree = "<group>"; };
		FF101C6023541CED00B78D41 /* MeTableHeaderView.swift */ = {isa = PBXFileReference; lastKnownFileType = sourcecode.swift; path = MeTableHeaderView.swift; sourceTree = "<group>"; };
		FF101C6223541CFE00B78D41 /* MeTableHeaderView.xib */ = {isa = PBXFileReference; lastKnownFileType = file.xib; path = MeTableHeaderView.xib; sourceTree = "<group>"; };
		FF101C64235429C200B78D41 /* UserDetailViewController.swift */ = {isa = PBXFileReference; lastKnownFileType = sourcecode.swift; path = UserDetailViewController.swift; sourceTree = "<group>"; };
		FF1190522351A3C8004E87E8 /* RefreshBackNormalFooter.swift */ = {isa = PBXFileReference; lastKnownFileType = sourcecode.swift; path = RefreshBackNormalFooter.swift; sourceTree = "<group>"; };
		FF1190542351A4EE004E87E8 /* RefreshBackStateFooter.swift */ = {isa = PBXFileReference; lastKnownFileType = sourcecode.swift; path = RefreshBackStateFooter.swift; sourceTree = "<group>"; };
		FF1190592351BB99004E87E8 /* RefreshStateHeader.swift */ = {isa = PBXFileReference; lastKnownFileType = sourcecode.swift; path = RefreshStateHeader.swift; sourceTree = "<group>"; };
		FF11905B2351C354004E87E8 /* RefreshNormalHeader.swift */ = {isa = PBXFileReference; lastKnownFileType = sourcecode.swift; path = RefreshNormalHeader.swift; sourceTree = "<group>"; };
		FF1C1F2E2340827C00D635A6 /* ll.app */ = {isa = PBXFileReference; explicitFileType = wrapper.application; includeInIndex = 0; path = ll.app; sourceTree = BUILT_PRODUCTS_DIR; };
		FF1C1F312340827C00D635A6 /* AppDelegate.swift */ = {isa = PBXFileReference; lastKnownFileType = sourcecode.swift; path = AppDelegate.swift; sourceTree = "<group>"; };
		FF1C1F3A2340827E00D635A6 /* Assets.xcassets */ = {isa = PBXFileReference; lastKnownFileType = folder.assetcatalog; path = Assets.xcassets; sourceTree = "<group>"; };
		FF1C1F3D2340827E00D635A6 /* Base */ = {isa = PBXFileReference; lastKnownFileType = file.storyboard; name = Base; path = Base.lproj/LaunchScreen.storyboard; sourceTree = "<group>"; };
		FF1C1F3F2340827E00D635A6 /* Info.plist */ = {isa = PBXFileReference; lastKnownFileType = text.plist.xml; path = Info.plist; sourceTree = "<group>"; };
		FF1C1F472340865100D635A6 /* Alamofire.framework */ = {isa = PBXFileReference; lastKnownFileType = wrapper.framework; name = Alamofire.framework; path = Carthage/Build/iOS/Alamofire.framework; sourceTree = "<group>"; };
		FF1C1F4B2340866000D635A6 /* Kingfisher.framework */ = {isa = PBXFileReference; lastKnownFileType = wrapper.framework; name = Kingfisher.framework; path = Carthage/Build/iOS/Kingfisher.framework; sourceTree = "<group>"; };
		FF1C1F4E2340867600D635A6 /* SnapKit.framework */ = {isa = PBXFileReference; lastKnownFileType = wrapper.framework; name = SnapKit.framework; path = Carthage/Build/iOS/SnapKit.framework; sourceTree = "<group>"; };
		FF1C1F512340868100D635A6 /* SwiftyJSON.framework */ = {isa = PBXFileReference; lastKnownFileType = wrapper.framework; name = SwiftyJSON.framework; path = Carthage/Build/iOS/SwiftyJSON.framework; sourceTree = "<group>"; };
		FF1C1F5423408B3D00D635A6 /* ArticleDetailViewController.swift */ = {isa = PBXFileReference; lastKnownFileType = sourcecode.swift; path = ArticleDetailViewController.swift; sourceTree = "<group>"; };
		FF1C1F56234090A000D635A6 /* UIScrollViewMjRefresh.swift */ = {isa = PBXFileReference; lastKnownFileType = sourcecode.swift; path = UIScrollViewMjRefresh.swift; sourceTree = "<group>"; };
		FF1C1F592340A44B00D635A6 /* RefreshComponent.swift */ = {isa = PBXFileReference; lastKnownFileType = sourcecode.swift; path = RefreshComponent.swift; sourceTree = "<group>"; };
		FF1C1F5B2340A98600D635A6 /* RefreshFooter.swift */ = {isa = PBXFileReference; lastKnownFileType = sourcecode.swift; path = RefreshFooter.swift; sourceTree = "<group>"; };
		FF1C1F5D2341978800D635A6 /* UIViewFrameEx.swift */ = {isa = PBXFileReference; lastKnownFileType = sourcecode.swift; path = UIViewFrameEx.swift; sourceTree = "<group>"; };
		FF2CA583234DB46C00D1B433 /* ApiManager.swift */ = {isa = PBXFileReference; fileEncoding = 4; lastKnownFileType = sourcecode.swift; path = ApiManager.swift; sourceTree = "<group>"; };
		FF2CA584234DB46C00D1B433 /* ApiRequest.swift */ = {isa = PBXFileReference; fileEncoding = 4; lastKnownFileType = sourcecode.swift; path = ApiRequest.swift; sourceTree = "<group>"; };
		FF2CA587234DC68D00D1B433 /* MainNavigationController.swift */ = {isa = PBXFileReference; lastKnownFileType = sourcecode.swift; path = MainNavigationController.swift; sourceTree = "<group>"; };
		FF4135D723506F1F00B27792 /* MainTabBarController.swift */ = {isa = PBXFileReference; lastKnownFileType = sourcecode.swift; path = MainTabBarController.swift; sourceTree = "<group>"; };
		FF4135D92350702900B27792 /* BaseViewController.swift */ = {isa = PBXFileReference; lastKnownFileType = sourcecode.swift; path = BaseViewController.swift; sourceTree = "<group>"; };
		FF4135DB2350704100B27792 /* HomeTabViewController.swift */ = {isa = PBXFileReference; lastKnownFileType = sourcecode.swift; path = HomeTabViewController.swift; sourceTree = "<group>"; };
		FF4135DD2350704F00B27792 /* DiscoverTabViewController.swift */ = {isa = PBXFileReference; lastKnownFileType = sourcecode.swift; path = DiscoverTabViewController.swift; sourceTree = "<group>"; };
		FF4135DF2350705800B27792 /* MeTabViewController.swift */ = {isa = PBXFileReference; lastKnownFileType = sourcecode.swift; path = MeTabViewController.swift; sourceTree = "<group>"; };
		FF4135E3235070DD00B27792 /* UIFontExten.swift */ = {isa = PBXFileReference; fileEncoding = 4; lastKnownFileType = sourcecode.swift; path = UIFontExten.swift; sourceTree = "<group>"; };
		FF4135E4235070DD00B27792 /* ConstUtil.swift */ = {isa = PBXFileReference; fileEncoding = 4; lastKnownFileType = sourcecode.swift; path = ConstUtil.swift; sourceTree = "<group>"; };
		FF4135E5235070DD00B27792 /* ProgressHUD.swift */ = {isa = PBXFileReference; fileEncoding = 4; lastKnownFileType = sourcecode.swift; name = ProgressHUD.swift; path = ../Extension/ProgressHUD.swift; sourceTree = "<group>"; };
		FF4135E6235070DD00B27792 /* ColorUtil.swift */ = {isa = PBXFileReference; fileEncoding = 4; lastKnownFileType = sourcecode.swift; path = ColorUtil.swift; sourceTree = "<group>"; };
		FF4135ED2350733A00B27792 /* BaseTableView.swift */ = {isa = PBXFileReference; lastKnownFileType = sourcecode.swift; path = BaseTableView.swift; sourceTree = "<group>"; };
		FF4135F12350780200B27792 /* RefreshHeader.swift */ = {isa = PBXFileReference; lastKnownFileType = sourcecode.swift; path = RefreshHeader.swift; sourceTree = "<group>"; };
		FF4135F32350821F00B27792 /* RefreshBackFooter.swift */ = {isa = PBXFileReference; lastKnownFileType = sourcecode.swift; path = RefreshBackFooter.swift; sourceTree = "<group>"; };
		FF4135F5235083BC00B27792 /* RefreshAutoFooter.swift */ = {isa = PBXFileReference; lastKnownFileType = sourcecode.swift; path = RefreshAutoFooter.swift; sourceTree = "<group>"; };
		FF4135F82351604700B27792 /* PasswordLoginViewController.swift */ = {isa = PBXFileReference; lastKnownFileType = sourcecode.swift; path = PasswordLoginViewController.swift; sourceTree = "<group>"; };
		FF4135FA2351608200B27792 /* AuthInputView.swift */ = {isa = PBXFileReference; fileEncoding = 4; lastKnownFileType = sourcecode.swift; path = AuthInputView.swift; sourceTree = "<group>"; };
		FF4135FF2351633F00B27792 /* zh-Hans */ = {isa = PBXFileReference; lastKnownFileType = text.plist.strings; name = "zh-Hans"; path = "zh-Hans.lproj/Localizable.strings"; sourceTree = "<group>"; };
		FF4136012351634000B27792 /* en */ = {isa = PBXFileReference; lastKnownFileType = text.plist.strings; name = en; path = en.lproj/Localizable.strings; sourceTree = "<group>"; };
		FF4136022351645300B27792 /* StringLocalizable.swift */ = {isa = PBXFileReference; lastKnownFileType = sourcecode.swift; path = StringLocalizable.swift; sourceTree = "<group>"; };
		FF41360423516CD900B27792 /* KMNavigationBarTransition.framework */ = {isa = PBXFileReference; lastKnownFileType = wrapper.framework; name = KMNavigationBarTransition.framework; path = Carthage/Build/iOS/KMNavigationBarTransition.framework; sourceTree = "<group>"; };
		FF4136082351753C00B27792 /* UserApiRequest.swift */ = {isa = PBXFileReference; lastKnownFileType = sourcecode.swift; path = UserApiRequest.swift; sourceTree = "<group>"; };
		FF74780B2341B5350017DC74 /* zh-Hans */ = {isa = PBXFileReference; lastKnownFileType = text.plist.strings; name = "zh-Hans"; path = "zh-Hans.lproj/LaunchScreen.strings"; sourceTree = "<group>"; };
		FF74780F2341B7350017DC74 /* en */ = {isa = PBXFileReference; lastKnownFileType = text.plist.strings; name = en; path = en.lproj/InfoPlist.strings; sourceTree = "<group>"; };
		FF7478112341B7380017DC74 /* zh-Hans */ = {isa = PBXFileReference; lastKnownFileType = text.plist.strings; name = "zh-Hans"; path = "zh-Hans.lproj/InfoPlist.strings"; sourceTree = "<group>"; };
		FFD8093823545A1C00FE0FCB /* UserTableHeaderView.swift */ = {isa = PBXFileReference; lastKnownFileType = sourcecode.swift; path = UserTableHeaderView.swift; sourceTree = "<group>"; };
		FFD8093A23546A5F00FE0FCB /* PostLinkView.swift */ = {isa = PBXFileReference; lastKnownFileType = sourcecode.swift; path = PostLinkView.swift; sourceTree = "<group>"; };
/* End PBXFileReference section */

/* Begin PBXFrameworksBuildPhase section */
		FF1C1F2B2340827C00D635A6 /* Frameworks */ = {
			isa = PBXFrameworksBuildPhase;
			buildActionMask = 2147483647;
			files = (
				FF41360523516CD900B27792 /* KMNavigationBarTransition.framework in Frameworks */,
				FF1C1F522340868100D635A6 /* SwiftyJSON.framework in Frameworks */,
				FF1C1F4F2340867600D635A6 /* SnapKit.framework in Frameworks */,
				FF1C1F4C2340866000D635A6 /* Kingfisher.framework in Frameworks */,
				FF1C1F482340865100D635A6 /* Alamofire.framework in Frameworks */,
			);
			runOnlyForDeploymentPostprocessing = 0;
		};
/* End PBXFrameworksBuildPhase section */

/* Begin PBXGroup section */
		FF101C582354044000B78D41 /* Models */ = {
			isa = PBXGroup;
			children = (
				FF101C592354044D00B78D41 /* User.swift */,
			);
			path = Models;
			sourceTree = "<group>";
		};
		FF101C5F23541CAA00B78D41 /* Me */ = {
			isa = PBXGroup;
			children = (
				FF4135DF2350705800B27792 /* MeTabViewController.swift */,
				FF101C5B235408E000B78D41 /* MeTabTableViewCell.swift */,
				FF101C6023541CED00B78D41 /* MeTableHeaderView.swift */,
				FF101C6223541CFE00B78D41 /* MeTableHeaderView.xib */,
			);
			path = Me;
			sourceTree = "<group>";
		};
		FF1190562351B399004E87E8 /* Base */ = {
			isa = PBXGroup;
			children = (
				FF1C1F592340A44B00D635A6 /* RefreshComponent.swift */,
				FF4135F12350780200B27792 /* RefreshHeader.swift */,
				FF1C1F5B2340A98600D635A6 /* RefreshFooter.swift */,
				FF4135F32350821F00B27792 /* RefreshBackFooter.swift */,
				FF4135F5235083BC00B27792 /* RefreshAutoFooter.swift */,
			);
			path = Base;
			sourceTree = "<group>";
		};
		FF1190572351B3E4004E87E8 /* Extension */ = {
			isa = PBXGroup;
			children = (
				FF1C1F56234090A000D635A6 /* UIScrollViewMjRefresh.swift */,
			);
			path = Extension;
			sourceTree = "<group>";
		};
		FF1190582351B3F0004E87E8 /* Custom */ = {
			isa = PBXGroup;
			children = (
				FF1190542351A4EE004E87E8 /* RefreshBackStateFooter.swift */,
				FF1190522351A3C8004E87E8 /* RefreshBackNormalFooter.swift */,
				FF1190592351BB99004E87E8 /* RefreshStateHeader.swift */,
				FF11905B2351C354004E87E8 /* RefreshNormalHeader.swift */,
			);
			path = Custom;
			sourceTree = "<group>";
		};
		FF1C1F252340827C00D635A6 = {
			isa = PBXGroup;
			children = (
				FF1C1F302340827C00D635A6 /* Like */,
				FF1C1F2F2340827C00D635A6 /* Products */,
				FF1C1F462340865000D635A6 /* Frameworks */,
			);
			sourceTree = "<group>";
		};
		FF1C1F2F2340827C00D635A6 /* Products */ = {
			isa = PBXGroup;
			children = (
				FF1C1F2E2340827C00D635A6 /* ll.app */,
			);
			name = Products;
			sourceTree = "<group>";
		};
		FF1C1F302340827C00D635A6 /* Like */ = {
			isa = PBXGroup;
			children = (
				FF1C1F312340827C00D635A6 /* AppDelegate.swift */,
				FF4135EC2350732200B27792 /* Base */,
				FF4135EB2350731000B27792 /* Main */,
				FF4135DB2350704100B27792 /* HomeTabViewController.swift */,
				FF4135DD2350704F00B27792 /* DiscoverTabViewController.swift */,
				FF1C1F5423408B3D00D635A6 /* ArticleDetailViewController.swift */,
				FF101C64235429C200B78D41 /* UserDetailViewController.swift */,
				FFD8093823545A1C00FE0FCB /* UserTableHeaderView.swift */,
				FFD8093A23546A5F00FE0FCB /* PostLinkView.swift */,
				FF101C5F23541CAA00B78D41 /* Me */,
				FF101C582354044000B78D41 /* Models */,
				FF4135F72351602400B27792 /* Auth */,
				FF4135F02350758D00B27792 /* Resources */,
				FF4135E1235070DD00B27792 /* Utils */,
			);
			path = Like;
			sourceTree = "<group>";
		};
		FF1C1F462340865000D635A6 /* Frameworks */ = {
			isa = PBXGroup;
			children = (
				FF41360423516CD900B27792 /* KMNavigationBarTransition.framework */,
				FF1C1F512340868100D635A6 /* SwiftyJSON.framework */,
				FF1C1F4E2340867600D635A6 /* SnapKit.framework */,
				FF1C1F4B2340866000D635A6 /* Kingfisher.framework */,
				FF1C1F472340865100D635A6 /* Alamofire.framework */,
			);
			name = Frameworks;
			sourceTree = "<group>";
		};
		FF1C1F582340A44000D635A6 /* RefreshControl */ = {
			isa = PBXGroup;
			children = (
				FF1190582351B3F0004E87E8 /* Custom */,
				FF1190572351B3E4004E87E8 /* Extension */,
				FF1190562351B399004E87E8 /* Base */,
			);
			path = RefreshControl;
			sourceTree = "<group>";
		};
		FF2CA57E234DB17100D1B433 /* ApiManager */ = {
			isa = PBXGroup;
			children = (
				FF2CA583234DB46C00D1B433 /* ApiManager.swift */,
				FF2CA584234DB46C00D1B433 /* ApiRequest.swift */,
				FF4136082351753C00B27792 /* UserApiRequest.swift */,
			);
			path = ApiManager;
			sourceTree = "<group>";
		};
		FF4135E1235070DD00B27792 /* Utils */ = {
			isa = PBXGroup;
			children = (
				FF2CA57E234DB17100D1B433 /* ApiManager */,
				FF1C1F582340A44000D635A6 /* RefreshControl */,
				FF4135EF2350755500B27792 /* ProgressHUD */,
				FF4135E2235070DD00B27792 /* Extension */,
			);
			path = Utils;
			sourceTree = "<group>";
		};
		FF4135E2235070DD00B27792 /* Extension */ = {
			isa = PBXGroup;
			children = (
				FF1C1F5D2341978800D635A6 /* UIViewFrameEx.swift */,
				FF4135E3235070DD00B27792 /* UIFontExten.swift */,
				FF4135E4235070DD00B27792 /* ConstUtil.swift */,
				FF4135E6235070DD00B27792 /* ColorUtil.swift */,
				FF4136022351645300B27792 /* StringLocalizable.swift */,
			);
			path = Extension;
			sourceTree = "<group>";
		};
		FF4135EB2350731000B27792 /* Main */ = {
			isa = PBXGroup;
			children = (
				FF4135D723506F1F00B27792 /* MainTabBarController.swift */,
				FF2CA587234DC68D00D1B433 /* MainNavigationController.swift */,
			);
			path = Main;
			sourceTree = "<group>";
		};
		FF4135EC2350732200B27792 /* Base */ = {
			isa = PBXGroup;
			children = (
				FF4135D92350702900B27792 /* BaseViewController.swift */,
				FF4135ED2350733A00B27792 /* BaseTableView.swift */,
			);
			path = Base;
			sourceTree = "<group>";
		};
		FF4135EF2350755500B27792 /* ProgressHUD */ = {
			isa = PBXGroup;
			children = (
				FF4135E5235070DD00B27792 /* ProgressHUD.swift */,
			);
			path = ProgressHUD;
			sourceTree = "<group>";
		};
		FF4135F02350758D00B27792 /* Resources */ = {
			isa = PBXGroup;
			children = (
				FF1C1F3A2340827E00D635A6 /* Assets.xcassets */,
				FF1C1F3C2340827E00D635A6 /* LaunchScreen.storyboard */,
				FF1C1F3F2340827E00D635A6 /* Info.plist */,
				FF7478102341B7350017DC74 /* InfoPlist.strings */,
				FF4136002351633F00B27792 /* Localizable.strings */,
			);
			path = Resources;
			sourceTree = "<group>";
		};
		FF4135F72351602400B27792 /* Auth */ = {
			isa = PBXGroup;
			children = (
				FF4135FA2351608200B27792 /* AuthInputView.swift */,
				FF4135F82351604700B27792 /* PasswordLoginViewController.swift */,
				FF101C5D23540C0E00B78D41 /* RegisterViewController.swift */,
			);
			path = Auth;
			sourceTree = "<group>";
		};
/* End PBXGroup section */

/* Begin PBXNativeTarget section */
		FF1C1F2D2340827C00D635A6 /* Like */ = {
			isa = PBXNativeTarget;
			buildConfigurationList = FF1C1F422340827E00D635A6 /* Build configuration list for PBXNativeTarget "Like" */;
			buildPhases = (
				FF1C1F2A2340827C00D635A6 /* Sources */,
				FF1C1F2B2340827C00D635A6 /* Frameworks */,
				FF1C1F2C2340827C00D635A6 /* Resources */,
				FF1C1F45234085DE00D635A6 /* ShellScript */,
			);
			buildRules = (
			);
			dependencies = (
			);
			name = Like;
			productName = Like;
			productReference = FF1C1F2E2340827C00D635A6 /* ll.app */;
			productType = "com.apple.product-type.application";
		};
/* End PBXNativeTarget section */

/* Begin PBXProject section */
		FF1C1F262340827C00D635A6 /* Project object */ = {
			isa = PBXProject;
			attributes = {
				LastSwiftUpdateCheck = 1100;
				LastUpgradeCheck = 1100;
				ORGANIZATIONNAME = likeeee;
				TargetAttributes = {
					FF1C1F2D2340827C00D635A6 = {
						CreatedOnToolsVersion = 11.0;
					};
				};
			};
			buildConfigurationList = FF1C1F292340827C00D635A6 /* Build configuration list for PBXProject "Like" */;
			compatibilityVersion = "Xcode 9.3";
			developmentRegion = en;
			hasScannedForEncodings = 0;
			knownRegions = (
				en,
				Base,
				"zh-Hans",
			);
			mainGroup = FF1C1F252340827C00D635A6;
			productRefGroup = FF1C1F2F2340827C00D635A6 /* Products */;
			projectDirPath = "";
			projectRoot = "";
			targets = (
				FF1C1F2D2340827C00D635A6 /* Like */,
			);
		};
/* End PBXProject section */

/* Begin PBXResourcesBuildPhase section */
		FF1C1F2C2340827C00D635A6 /* Resources */ = {
			isa = PBXResourcesBuildPhase;
			buildActionMask = 2147483647;
			files = (
				FF1C1F3E2340827E00D635A6 /* LaunchScreen.storyboard in Resources */,
				FF101C6323541CFE00B78D41 /* MeTableHeaderView.xib in Resources */,
				FF4135FE2351633F00B27792 /* Localizable.strings in Resources */,
				FF74780E2341B7350017DC74 /* InfoPlist.strings in Resources */,
				FF1C1F3B2340827E00D635A6 /* Assets.xcassets in Resources */,
			);
			runOnlyForDeploymentPostprocessing = 0;
		};
/* End PBXResourcesBuildPhase section */

/* Begin PBXShellScriptBuildPhase section */
		FF1C1F45234085DE00D635A6 /* ShellScript */ = {
			isa = PBXShellScriptBuildPhase;
			buildActionMask = 2147483647;
			files = (
			);
			inputFileListPaths = (
			);
			inputPaths = (
				"$(SRCROOT)/Carthage/Build/iOS/SnapKit.framework",
				"$(SRCROOT)/Carthage/Build/iOS/Alamofire.framework",
				"$(SRCROOT)/Carthage/Build/iOS/SwiftyJSON.framework",
				"$(SRCROOT)/Carthage/Build/iOS/Kingfisher.framework",
				"$(SRCROOT)/Carthage/Build/iOS/KMNavigationBarTransition.framework",
			);
			outputFileListPaths = (
			);
			outputPaths = (
				"$(BUILT_PRODUCTS_DIR)/$(FRAMEWORKS_FOLDER_PATH)/SnapKit.framework",
				"$(BUILT_PRODUCTS_DIR)/$(FRAMEWORKS_FOLDER_PATH)/Alamofire.framework",
				"$(BUILT_PRODUCTS_DIR)/$(FRAMEWORKS_FOLDER_PATH)/SwiftyJSON.framework",
				"$(BUILT_PRODUCTS_DIR)/$(FRAMEWORKS_FOLDER_PATH)/Kingfisher.framework",
				"$(BUILT_PRODUCTS_DIR)/$(FRAMEWORKS_FOLDER_PATH)/KMNavigationBarTransition.framework",
			);
			runOnlyForDeploymentPostprocessing = 0;
			shellPath = /bin/sh;
			shellScript = "# Type a script or drag a script file from your workspace to insert its path.\n/usr/local/bin/carthage copy-frameworks\n";
		};
/* End PBXShellScriptBuildPhase section */

/* Begin PBXSourcesBuildPhase section */
		FF1C1F2A2340827C00D635A6 /* Sources */ = {
			isa = PBXSourcesBuildPhase;
			buildActionMask = 2147483647;
			files = (
				FF1C1F5A2340A44B00D635A6 /* RefreshComponent.swift in Sources */,
				FF2CA588234DC68D00D1B433 /* MainNavigationController.swift in Sources */,
				FF4135E9235070DD00B27792 /* ProgressHUD.swift in Sources */,
				FFD8093923545A1C00FE0FCB /* UserTableHeaderView.swift in Sources */,
				FF4135D823506F1F00B27792 /* MainTabBarController.swift in Sources */,
				FF101C5A2354044D00B78D41 /* User.swift in Sources */,
				FF4135EE2350733A00B27792 /* BaseTableView.swift in Sources */,
				FF2CA585234DB46C00D1B433 /* ApiManager.swift in Sources */,
				FF1C1F57234090A000D635A6 /* UIScrollViewMjRefresh.swift in Sources */,
				FF1190552351A4EE004E87E8 /* RefreshBackStateFooter.swift in Sources */,
				FF4135F42350821F00B27792 /* RefreshBackFooter.swift in Sources */,
				FF1190532351A3C8004E87E8 /* RefreshBackNormalFooter.swift in Sources */,
				FF4135EA235070DD00B27792 /* ColorUtil.swift in Sources */,
				FF101C5E23540C0E00B78D41 /* RegisterViewController.swift in Sources */,
				FF4135E7235070DD00B27792 /* UIFontExten.swift in Sources */,
				FF4135DA2350702900B27792 /* BaseViewController.swift in Sources */,
				FF1C1F322340827C00D635A6 /* AppDelegate.swift in Sources */,
				FF4135E8235070DD00B27792 /* ConstUtil.swift in Sources */,
				FF4136092351753C00B27792 /* UserApiRequest.swift in Sources */,
				FF4135DC2350704100B27792 /* HomeTabViewController.swift in Sources */,
				FF1C1F5C2340A98600D635A6 /* RefreshFooter.swift in Sources */,
				FF11905A2351BB99004E87E8 /* RefreshStateHeader.swift in Sources */,
				FF101C65235429C200B78D41 /* UserDetailViewController.swift in Sources */,
				FF1C1F5523408B3D00D635A6 /* ArticleDetailViewController.swift in Sources */,
				FF4135DE2350704F00B27792 /* DiscoverTabViewController.swift in Sources */,
				FF4136032351645300B27792 /* StringLocalizable.swift in Sources */,
				FF1C1F5E2341978800D635A6 /* UIViewFrameEx.swift in Sources */,
				FF11905C2351C354004E87E8 /* RefreshNormalHeader.swift in Sources */,
				FFD8093B23546A5F00FE0FCB /* PostLinkView.swift in Sources */,
				FF4135F92351604700B27792 /* PasswordLoginViewController.swift in Sources */,
				FF4135FB2351608200B27792 /* AuthInputView.swift in Sources */,
				FF2CA586234DB46C00D1B433 /* ApiRequest.swift in Sources */,
				FF4135F22350780200B27792 /* RefreshHeader.swift in Sources */,
				FF4135E02350705800B27792 /* MeTabViewController.swift in Sources */,
				FF4135F6235083BC00B27792 /* RefreshAutoFooter.swift in Sources */,
				FF101C6123541CED00B78D41 /* MeTableHeaderView.swift in Sources */,
				FF101C5C235408E000B78D41 /* MeTabTableViewCell.swift in Sources */,
			);
			runOnlyForDeploymentPostprocessing = 0;
		};
/* End PBXSourcesBuildPhase section */

/* Begin PBXVariantGroup section */
		FF1C1F3C2340827E00D635A6 /* LaunchScreen.storyboard */ = {
			isa = PBXVariantGroup;
			children = (
				FF1C1F3D2340827E00D635A6 /* Base */,
				FF74780B2341B5350017DC74 /* zh-Hans */,
			);
			name = LaunchScreen.storyboard;
			sourceTree = "<group>";
		};
		FF4136002351633F00B27792 /* Localizable.strings */ = {
			isa = PBXVariantGroup;
			children = (
				FF4135FF2351633F00B27792 /* zh-Hans */,
				FF4136012351634000B27792 /* en */,
			);
			name = Localizable.strings;
			sourceTree = "<group>";
		};
		FF7478102341B7350017DC74 /* InfoPlist.strings */ = {
			isa = PBXVariantGroup;
			children = (
				FF74780F2341B7350017DC74 /* en */,
				FF7478112341B7380017DC74 /* zh-Hans */,
			);
			name = InfoPlist.strings;
			sourceTree = "<group>";
		};
/* End PBXVariantGroup section */

/* Begin XCBuildConfiguration section */
		FF1C1F402340827E00D635A6 /* Debug */ = {
			isa = XCBuildConfiguration;
			buildSettings = {
				ALWAYS_SEARCH_USER_PATHS = NO;
				CLANG_ANALYZER_LOCALIZABILITY_NONLOCALIZED = YES;
				CLANG_ANALYZER_NONNULL = YES;
				CLANG_ANALYZER_NUMBER_OBJECT_CONVERSION = YES_AGGRESSIVE;
				CLANG_CXX_LANGUAGE_STANDARD = "gnu++14";
				CLANG_CXX_LIBRARY = "libc++";
				CLANG_ENABLE_MODULES = YES;
				CLANG_ENABLE_OBJC_ARC = YES;
				CLANG_ENABLE_OBJC_WEAK = YES;
				CLANG_WARN_BLOCK_CAPTURE_AUTORELEASING = YES;
				CLANG_WARN_BOOL_CONVERSION = YES;
				CLANG_WARN_COMMA = YES;
				CLANG_WARN_CONSTANT_CONVERSION = YES;
				CLANG_WARN_DEPRECATED_OBJC_IMPLEMENTATIONS = YES;
				CLANG_WARN_DIRECT_OBJC_ISA_USAGE = YES_ERROR;
				CLANG_WARN_DOCUMENTATION_COMMENTS = YES;
				CLANG_WARN_EMPTY_BODY = YES;
				CLANG_WARN_ENUM_CONVERSION = YES;
				CLANG_WARN_INFINITE_RECURSION = YES;
				CLANG_WARN_INT_CONVERSION = YES;
				CLANG_WARN_NON_LITERAL_NULL_CONVERSION = YES;
				CLANG_WARN_OBJC_IMPLICIT_RETAIN_SELF = YES;
				CLANG_WARN_OBJC_LITERAL_CONVERSION = YES;
				CLANG_WARN_OBJC_ROOT_CLASS = YES_ERROR;
				CLANG_WARN_RANGE_LOOP_ANALYSIS = YES;
				CLANG_WARN_STRICT_PROTOTYPES = YES;
				CLANG_WARN_SUSPICIOUS_MOVE = YES;
				CLANG_WARN_UNGUARDED_AVAILABILITY = YES_AGGRESSIVE;
				CLANG_WARN_UNREACHABLE_CODE = YES;
				CLANG_WARN__DUPLICATE_METHOD_MATCH = YES;
				COPY_PHASE_STRIP = NO;
				DEBUG_INFORMATION_FORMAT = dwarf;
				ENABLE_STRICT_OBJC_MSGSEND = YES;
				ENABLE_TESTABILITY = YES;
				GCC_C_LANGUAGE_STANDARD = gnu11;
				GCC_DYNAMIC_NO_PIC = NO;
				GCC_NO_COMMON_BLOCKS = YES;
				GCC_OPTIMIZATION_LEVEL = 0;
				GCC_PREPROCESSOR_DEFINITIONS = (
					"DEBUG=1",
					"$(inherited)",
				);
				GCC_WARN_64_TO_32_BIT_CONVERSION = YES;
				GCC_WARN_ABOUT_RETURN_TYPE = YES_ERROR;
				GCC_WARN_UNDECLARED_SELECTOR = YES;
				GCC_WARN_UNINITIALIZED_AUTOS = YES_AGGRESSIVE;
				GCC_WARN_UNUSED_FUNCTION = YES;
				GCC_WARN_UNUSED_VARIABLE = YES;
				IPHONEOS_DEPLOYMENT_TARGET = 13.0;
				MTL_ENABLE_DEBUG_INFO = INCLUDE_SOURCE;
				MTL_FAST_MATH = YES;
				ONLY_ACTIVE_ARCH = YES;
				SDKROOT = iphoneos;
				SWIFT_ACTIVE_COMPILATION_CONDITIONS = DEBUG;
				SWIFT_OPTIMIZATION_LEVEL = "-Onone";
			};
			name = Debug;
		};
		FF1C1F412340827E00D635A6 /* Release */ = {
			isa = XCBuildConfiguration;
			buildSettings = {
				ALWAYS_SEARCH_USER_PATHS = NO;
				CLANG_ANALYZER_LOCALIZABILITY_NONLOCALIZED = YES;
				CLANG_ANALYZER_NONNULL = YES;
				CLANG_ANALYZER_NUMBER_OBJECT_CONVERSION = YES_AGGRESSIVE;
				CLANG_CXX_LANGUAGE_STANDARD = "gnu++14";
				CLANG_CXX_LIBRARY = "libc++";
				CLANG_ENABLE_MODULES = YES;
				CLANG_ENABLE_OBJC_ARC = YES;
				CLANG_ENABLE_OBJC_WEAK = YES;
				CLANG_WARN_BLOCK_CAPTURE_AUTORELEASING = YES;
				CLANG_WARN_BOOL_CONVERSION = YES;
				CLANG_WARN_COMMA = YES;
				CLANG_WARN_CONSTANT_CONVERSION = YES;
				CLANG_WARN_DEPRECATED_OBJC_IMPLEMENTATIONS = YES;
				CLANG_WARN_DIRECT_OBJC_ISA_USAGE = YES_ERROR;
				CLANG_WARN_DOCUMENTATION_COMMENTS = YES;
				CLANG_WARN_EMPTY_BODY = YES;
				CLANG_WARN_ENUM_CONVERSION = YES;
				CLANG_WARN_INFINITE_RECURSION = YES;
				CLANG_WARN_INT_CONVERSION = YES;
				CLANG_WARN_NON_LITERAL_NULL_CONVERSION = YES;
				CLANG_WARN_OBJC_IMPLICIT_RETAIN_SELF = YES;
				CLANG_WARN_OBJC_LITERAL_CONVERSION = YES;
				CLANG_WARN_OBJC_ROOT_CLASS = YES_ERROR;
				CLANG_WARN_RANGE_LOOP_ANALYSIS = YES;
				CLANG_WARN_STRICT_PROTOTYPES = YES;
				CLANG_WARN_SUSPICIOUS_MOVE = YES;
				CLANG_WARN_UNGUARDED_AVAILABILITY = YES_AGGRESSIVE;
				CLANG_WARN_UNREACHABLE_CODE = YES;
				CLANG_WARN__DUPLICATE_METHOD_MATCH = YES;
				COPY_PHASE_STRIP = NO;
				DEBUG_INFORMATION_FORMAT = "dwarf-with-dsym";
				ENABLE_NS_ASSERTIONS = NO;
				ENABLE_STRICT_OBJC_MSGSEND = YES;
				GCC_C_LANGUAGE_STANDARD = gnu11;
				GCC_NO_COMMON_BLOCKS = YES;
				GCC_WARN_64_TO_32_BIT_CONVERSION = YES;
				GCC_WARN_ABOUT_RETURN_TYPE = YES_ERROR;
				GCC_WARN_UNDECLARED_SELECTOR = YES;
				GCC_WARN_UNINITIALIZED_AUTOS = YES_AGGRESSIVE;
				GCC_WARN_UNUSED_FUNCTION = YES;
				GCC_WARN_UNUSED_VARIABLE = YES;
				IPHONEOS_DEPLOYMENT_TARGET = 13.0;
				MTL_ENABLE_DEBUG_INFO = NO;
				MTL_FAST_MATH = YES;
				SDKROOT = iphoneos;
				SWIFT_COMPILATION_MODE = wholemodule;
				SWIFT_OPTIMIZATION_LEVEL = "-O";
				VALIDATE_PRODUCT = YES;
			};
			name = Release;
		};
		FF1C1F432340827E00D635A6 /* Debug */ = {
			isa = XCBuildConfiguration;
			buildSettings = {
				ASSETCATALOG_COMPILER_APPICON_NAME = AppIcon;
				CODE_SIGN_IDENTITY = "iPhone Developer";
				CODE_SIGN_STYLE = Manual;
				DEVELOPMENT_TEAM = GX9XDD95NP;
				FRAMEWORK_SEARCH_PATHS = (
					"$(inherited)",
					"$(PROJECT_DIR)/Carthage/Build/iOS",
				);
				INFOPLIST_FILE = Like/Resources/Info.plist;
				IPHONEOS_DEPLOYMENT_TARGET = 10.0;
				LD_RUNPATH_SEARCH_PATHS = (
					"$(inherited)",
					"@executable_path/Frameworks",
				);
				PRODUCT_BUNDLE_IDENTIFIER = com.likeeee.test110120;
				PRODUCT_NAME = ll;
				PROVISIONING_PROFILE_SPECIFIER = like_dev;
				SWIFT_VERSION = 5.0;
				TARGETED_DEVICE_FAMILY = 1;
			};
			name = Debug;
		};
		FF1C1F442340827E00D635A6 /* Release */ = {
			isa = XCBuildConfiguration;
			buildSettings = {
				ASSETCATALOG_COMPILER_APPICON_NAME = AppIcon;
				CODE_SIGN_IDENTITY = "iPhone Developer";
				CODE_SIGN_STYLE = Manual;
				DEVELOPMENT_TEAM = GX9XDD95NP;
				FRAMEWORK_SEARCH_PATHS = (
					"$(inherited)",
					"$(PROJECT_DIR)/Carthage/Build/iOS",
				);
				INFOPLIST_FILE = Like/Resources/Info.plist;
				IPHONEOS_DEPLOYMENT_TARGET = 10.0;
				LD_RUNPATH_SEARCH_PATHS = (
					"$(inherited)",
					"@executable_path/Frameworks",
				);
				PRODUCT_BUNDLE_IDENTIFIER = com.likeeee.test110120;
				PRODUCT_NAME = ll;
				PROVISIONING_PROFILE_SPECIFIER = like_dev;
				SWIFT_VERSION = 5.0;
				TARGETED_DEVICE_FAMILY = 1;
			};
			name = Release;
		};
/* End XCBuildConfiguration section */

/* Begin XCConfigurationList section */
		FF1C1F292340827C00D635A6 /* Build configuration list for PBXProject "Like" */ = {
			isa = XCConfigurationList;
			buildConfigurations = (
				FF1C1F402340827E00D635A6 /* Debug */,
				FF1C1F412340827E00D635A6 /* Release */,
			);
			defaultConfigurationIsVisible = 0;
			defaultConfigurationName = Release;
		};
		FF1C1F422340827E00D635A6 /* Build configuration list for PBXNativeTarget "Like" */ = {
			isa = XCConfigurationList;
			buildConfigurations = (
				FF1C1F432340827E00D635A6 /* Debug */,
				FF1C1F442340827E00D635A6 /* Release */,
			);
			defaultConfigurationIsVisible = 0;
			defaultConfigurationName = Release;
		};
/* End XCConfigurationList section */
	};
	rootObject = FF1C1F262340827C00D635A6 /* Project object */;
}
