// !$*UTF8*$!
{
	archiveVersion = 1;
	classes = {
	};
	objectVersion = 51;
	objects = {

/* Begin PBXBuildFile section */
		DE306B2B2445C0B600186270 /* ArticleApiRequest.swift in Sources */ = {isa = PBXBuildFile; fileRef = DE306B2A2445C0B600186270 /* ArticleApiRequest.swift */; };
		DE306B2D244696E000186270 /* Article.swift in Sources */ = {isa = PBXBuildFile; fileRef = DE306B2C244696E000186270 /* Article.swift */; };
		DE306B302446A84000186270 /* SettingsViewController.swift in Sources */ = {isa = PBXBuildFile; fileRef = DE306B2F2446A84000186270 /* SettingsViewController.swift */; };
		DE424772244EDE22009A0FA6 /* ProgressHUD.swift in Sources */ = {isa = PBXBuildFile; fileRef = DE424771244EDE22009A0FA6 /* ProgressHUD.swift */; };
		DE424774244EE5C1009A0FA6 /* StatusListViewController.swift in Sources */ = {isa = PBXBuildFile; fileRef = DE424773244EE5C1009A0FA6 /* StatusListViewController.swift */; };
		DE424776244EF612009A0FA6 /* UserInfoViewController.swift in Sources */ = {isa = PBXBuildFile; fileRef = DE424775244EF612009A0FA6 /* UserInfoViewController.swift */; };
		DE91B7B02452ACA6000FF356 /* FeedbackPostViewController.swift in Sources */ = {isa = PBXBuildFile; fileRef = DE91B7AF2452ACA6000FF356 /* FeedbackPostViewController.swift */; };
		DE91B7B22452CC6B000FF356 /* FeedbackListViewController.swift in Sources */ = {isa = PBXBuildFile; fileRef = DE91B7B12452CC6B000FF356 /* FeedbackListViewController.swift */; };
		DE91B7B42452CDC7000FF356 /* Feedback.swift in Sources */ = {isa = PBXBuildFile; fileRef = DE91B7B32452CDC7000FF356 /* Feedback.swift */; };
		DE91B7B62452D462000FF356 /* FeedbackViewCell.swift in Sources */ = {isa = PBXBuildFile; fileRef = DE91B7B52452D462000FF356 /* FeedbackViewCell.swift */; };
		DE91B7B82452EC39000FF356 /* AdminFeedbackListViewController.swift in Sources */ = {isa = PBXBuildFile; fileRef = DE91B7B72452EC39000FF356 /* AdminFeedbackListViewController.swift */; };
		ECEFF0786D051A6000061807 /* Pods_Like.framework in Frameworks */ = {isa = PBXBuildFile; fileRef = BDD53ED9B27E1D3624F05FCA /* Pods_Like.framework */; };
		FF0D101F238BAA53009D29C9 /* LKPhotoPreviewViewCell.swift in Sources */ = {isa = PBXBuildFile; fileRef = FF0D101E238BAA53009D29C9 /* LKPhotoPreviewViewCell.swift */; };
		FF101C5A2354044D00B78D41 /* User.swift in Sources */ = {isa = PBXBuildFile; fileRef = FF101C592354044D00B78D41 /* User.swift */; };
		FF101C5C235408E000B78D41 /* MeTabTableViewCell.swift in Sources */ = {isa = PBXBuildFile; fileRef = FF101C5B235408E000B78D41 /* MeTabTableViewCell.swift */; };
		FF101C5E23540C0E00B78D41 /* RegisterViewController.swift in Sources */ = {isa = PBXBuildFile; fileRef = FF101C5D23540C0E00B78D41 /* RegisterViewController.swift */; };
		FF101C6123541CED00B78D41 /* MeTableHeaderView.swift in Sources */ = {isa = PBXBuildFile; fileRef = FF101C6023541CED00B78D41 /* MeTableHeaderView.swift */; };
		FF101C6323541CFE00B78D41 /* MeTableHeaderView.xib in Resources */ = {isa = PBXBuildFile; fileRef = FF101C6223541CFE00B78D41 /* MeTableHeaderView.xib */; };
		FF101C65235429C200B78D41 /* UserDetailViewController.swift in Sources */ = {isa = PBXBuildFile; fileRef = FF101C64235429C200B78D41 /* UserDetailViewController.swift */; };
		FF1190532351A3C8004E87E8 /* RefreshBackNormalFooter.swift in Sources */ = {isa = PBXBuildFile; fileRef = FF1190522351A3C8004E87E8 /* RefreshBackNormalFooter.swift */; };
		FF1190552351A4EE004E87E8 /* RefreshBackStateFooter.swift in Sources */ = {isa = PBXBuildFile; fileRef = FF1190542351A4EE004E87E8 /* RefreshBackStateFooter.swift */; };
		FF11905A2351BB99004E87E8 /* RefreshStateHeader.swift in Sources */ = {isa = PBXBuildFile; fileRef = FF1190592351BB99004E87E8 /* RefreshStateHeader.swift */; };
		FF11905C2351C354004E87E8 /* RefreshNormalHeader.swift in Sources */ = {isa = PBXBuildFile; fileRef = FF11905B2351C354004E87E8 /* RefreshNormalHeader.swift */; };
		FF1C1F322340827C00D635A6 /* AppDelegate.swift in Sources */ = {isa = PBXBuildFile; fileRef = FF1C1F312340827C00D635A6 /* AppDelegate.swift */; };
		FF1C1F3B2340827E00D635A6 /* Assets.xcassets in Resources */ = {isa = PBXBuildFile; fileRef = FF1C1F3A2340827E00D635A6 /* Assets.xcassets */; };
		FF1C1F3E2340827E00D635A6 /* LaunchScreen.storyboard in Resources */ = {isa = PBXBuildFile; fileRef = FF1C1F3C2340827E00D635A6 /* LaunchScreen.storyboard */; };
		FF1C1F5523408B3D00D635A6 /* ArticleDetailViewController.swift in Sources */ = {isa = PBXBuildFile; fileRef = FF1C1F5423408B3D00D635A6 /* ArticleDetailViewController.swift */; };
		FF1C1F57234090A000D635A6 /* UIScrollViewMjRefresh.swift in Sources */ = {isa = PBXBuildFile; fileRef = FF1C1F56234090A000D635A6 /* UIScrollViewMjRefresh.swift */; };
		FF1C1F5A2340A44B00D635A6 /* RefreshComponent.swift in Sources */ = {isa = PBXBuildFile; fileRef = FF1C1F592340A44B00D635A6 /* RefreshComponent.swift */; };
		FF1C1F5C2340A98600D635A6 /* RefreshFooter.swift in Sources */ = {isa = PBXBuildFile; fileRef = FF1C1F5B2340A98600D635A6 /* RefreshFooter.swift */; };
		FF1C1F5E2341978800D635A6 /* UIViewFrameEx.swift in Sources */ = {isa = PBXBuildFile; fileRef = FF1C1F5D2341978800D635A6 /* UIViewFrameEx.swift */; };
		FF1F193C235F1D3800C77C64 /* libWeChatSDK.a in Frameworks */ = {isa = PBXBuildFile; fileRef = FF1F1937235F1D3700C77C64 /* libWeChatSDK.a */; };
		FF1F193D235F1D3800C77C64 /* README.txt in Resources */ = {isa = PBXBuildFile; fileRef = FF1F193A235F1D3700C77C64 /* README.txt */; };
		FF1F1941235F1E0B00C77C64 /* SystemConfiguration.framework in Frameworks */ = {isa = PBXBuildFile; fileRef = FF1F1940235F1E0B00C77C64 /* SystemConfiguration.framework */; };
		FF1F1943235F1E2100C77C64 /* libc++.tbd in Frameworks */ = {isa = PBXBuildFile; fileRef = FF1F1942235F1E1500C77C64 /* libc++.tbd */; };
		FF1F1945235F1E3400C77C64 /* libsqlite3.0.tbd in Frameworks */ = {isa = PBXBuildFile; fileRef = FF1F1944235F1E2C00C77C64 /* libsqlite3.0.tbd */; };
		FF1F1947235F1E4800C77C64 /* libz.tbd in Frameworks */ = {isa = PBXBuildFile; fileRef = FF1F1946235F1E4000C77C64 /* libz.tbd */; };
		FF293D93237E85EB00C244F4 /* UserStatusesViewController.swift in Sources */ = {isa = PBXBuildFile; fileRef = FF293D92237E85EB00C244F4 /* UserStatusesViewController.swift */; };
		FF2CA585234DB46C00D1B433 /* ApiManager.swift in Sources */ = {isa = PBXBuildFile; fileRef = FF2CA583234DB46C00D1B433 /* ApiManager.swift */; };
		FF2CA586234DB46C00D1B433 /* ApiRequest.swift in Sources */ = {isa = PBXBuildFile; fileRef = FF2CA584234DB46C00D1B433 /* ApiRequest.swift */; };
		FF2CA588234DC68D00D1B433 /* MainNavigationController.swift in Sources */ = {isa = PBXBuildFile; fileRef = FF2CA587234DC68D00D1B433 /* MainNavigationController.swift */; };
		FF331B40244AFD8E005FACFF /* AppAboutViewController.swift in Sources */ = {isa = PBXBuildFile; fileRef = FF331B3F244AFD8E005FACFF /* AppAboutViewController.swift */; };
		FF331B42244C0582005FACFF /* NoDataViewCell.swift in Sources */ = {isa = PBXBuildFile; fileRef = FF331B41244C0582005FACFF /* NoDataViewCell.swift */; };
		FF34B9B42366B6C800A702AB /* ArticleViewCell.swift in Sources */ = {isa = PBXBuildFile; fileRef = FF34B9B32366B6C800A702AB /* ArticleViewCell.swift */; };
		FF34B9B62366B7B200A702AB /* SocialShareView.swift in Sources */ = {isa = PBXBuildFile; fileRef = FF34B9B52366B7B200A702AB /* SocialShareView.swift */; };
		FF4135D823506F1F00B27792 /* MainTabBarController.swift in Sources */ = {isa = PBXBuildFile; fileRef = FF4135D723506F1F00B27792 /* MainTabBarController.swift */; };
		FF4135DA2350702900B27792 /* BaseViewController.swift in Sources */ = {isa = PBXBuildFile; fileRef = FF4135D92350702900B27792 /* BaseViewController.swift */; };
		FF4135DC2350704100B27792 /* HomeTabViewController.swift in Sources */ = {isa = PBXBuildFile; fileRef = FF4135DB2350704100B27792 /* HomeTabViewController.swift */; };
		FF4135DE2350704F00B27792 /* DiscoverTabViewController.swift in Sources */ = {isa = PBXBuildFile; fileRef = FF4135DD2350704F00B27792 /* DiscoverTabViewController.swift */; };
		FF4135E02350705800B27792 /* MeTabViewController.swift in Sources */ = {isa = PBXBuildFile; fileRef = FF4135DF2350705800B27792 /* MeTabViewController.swift */; };
		FF4135E7235070DD00B27792 /* UIFontExten.swift in Sources */ = {isa = PBXBuildFile; fileRef = FF4135E3235070DD00B27792 /* UIFontExten.swift */; };
		FF4135E8235070DD00B27792 /* ConstUtil.swift in Sources */ = {isa = PBXBuildFile; fileRef = FF4135E4235070DD00B27792 /* ConstUtil.swift */; };
		FF4135EA235070DD00B27792 /* ColorUtil.swift in Sources */ = {isa = PBXBuildFile; fileRef = FF4135E6235070DD00B27792 /* ColorUtil.swift */; };
		FF4135EE2350733A00B27792 /* BaseTableView.swift in Sources */ = {isa = PBXBuildFile; fileRef = FF4135ED2350733A00B27792 /* BaseTableView.swift */; };
		FF4135F22350780200B27792 /* RefreshHeader.swift in Sources */ = {isa = PBXBuildFile; fileRef = FF4135F12350780200B27792 /* RefreshHeader.swift */; };
		FF4135F42350821F00B27792 /* RefreshBackFooter.swift in Sources */ = {isa = PBXBuildFile; fileRef = FF4135F32350821F00B27792 /* RefreshBackFooter.swift */; };
		FF4135F6235083BC00B27792 /* RefreshAutoFooter.swift in Sources */ = {isa = PBXBuildFile; fileRef = FF4135F5235083BC00B27792 /* RefreshAutoFooter.swift */; };
		FF4135F92351604700B27792 /* PasswordLoginViewController.swift in Sources */ = {isa = PBXBuildFile; fileRef = FF4135F82351604700B27792 /* PasswordLoginViewController.swift */; };
		FF4135FB2351608200B27792 /* AuthInputView.swift in Sources */ = {isa = PBXBuildFile; fileRef = FF4135FA2351608200B27792 /* AuthInputView.swift */; };
		FF4135FE2351633F00B27792 /* Localizable.strings in Resources */ = {isa = PBXBuildFile; fileRef = FF4136002351633F00B27792 /* Localizable.strings */; };
		FF4136032351645300B27792 /* StringLocalizable.swift in Sources */ = {isa = PBXBuildFile; fileRef = FF4136022351645300B27792 /* StringLocalizable.swift */; };
		FF4136092351753C00B27792 /* UserApiRequest.swift in Sources */ = {isa = PBXBuildFile; fileRef = FF4136082351753C00B27792 /* UserApiRequest.swift */; };
		FF4470A32387C309002ED72D /* LKPhotoPickerViewController.swift in Sources */ = {isa = PBXBuildFile; fileRef = FF4470A22387C309002ED72D /* LKPhotoPickerViewController.swift */; };
		FF4470A52387CF4B002ED72D /* LKAlbum.swift in Sources */ = {isa = PBXBuildFile; fileRef = FF4470A42387CF4B002ED72D /* LKAlbum.swift */; };
		FF4470A72387D403002ED72D /* LKPhotoViewCell.swift in Sources */ = {isa = PBXBuildFile; fileRef = FF4470A62387D403002ED72D /* LKPhotoViewCell.swift */; };
		FF4D27AF2445EB88000CE644 /* WebViewController.swift in Sources */ = {isa = PBXBuildFile; fileRef = FF4D27AE2445EB88000CE644 /* WebViewController.swift */; };
		FF4D27B12445F443000CE644 /* Status.swift in Sources */ = {isa = PBXBuildFile; fileRef = FF4D27B02445F443000CE644 /* Status.swift */; };
		FF4D27B32445F901000CE644 /* StatusUserView.swift in Sources */ = {isa = PBXBuildFile; fileRef = FF4D27B22445F901000CE644 /* StatusUserView.swift */; };
		FF74780E2341B7350017DC74 /* InfoPlist.strings in Resources */ = {isa = PBXBuildFile; fileRef = FF7478102341B7350017DC74 /* InfoPlist.strings */; };
		FF8043D9244F33B2006CB015 /* UserAvatarViewController.swift in Sources */ = {isa = PBXBuildFile; fileRef = FF8043D8244F33B2006CB015 /* UserAvatarViewController.swift */; };
		FF8043DB244F3756006CB015 /* UserNameViewController.swift in Sources */ = {isa = PBXBuildFile; fileRef = FF8043DA244F3756006CB015 /* UserNameViewController.swift */; };
		FF861D0B236C02300083BE5F /* ConfirmActionView.swift in Sources */ = {isa = PBXBuildFile; fileRef = FF861D0A236C02300083BE5F /* ConfirmActionView.swift */; };
		FF861D0D236C0A340083BE5F /* ConfirmSheetView.swift in Sources */ = {isa = PBXBuildFile; fileRef = FF861D0C236C0A340083BE5F /* ConfirmSheetView.swift */; };
		FFD8093923545A1C00FE0FCB /* UserTableHeaderView.swift in Sources */ = {isa = PBXBuildFile; fileRef = FFD8093823545A1C00FE0FCB /* UserTableHeaderView.swift */; };
		FFD8093B23546A5F00FE0FCB /* PostLinkView.swift in Sources */ = {isa = PBXBuildFile; fileRef = FFD8093A23546A5F00FE0FCB /* PostLinkView.swift */; };
		FFE1B5C9238C03CD00120D56 /* QiNiuTool.swift in Sources */ = {isa = PBXBuildFile; fileRef = FFE1B5C8238C03CD00120D56 /* QiNiuTool.swift */; };
		FFFC57FC2355B4F400D79270 /* PostStatusViewController.swift in Sources */ = {isa = PBXBuildFile; fileRef = FFFC57FB2355B4F400D79270 /* PostStatusViewController.swift */; };
		FFFC57FE2355B69100D79270 /* StatusApiRequest.swift in Sources */ = {isa = PBXBuildFile; fileRef = FFFC57FD2355B69100D79270 /* StatusApiRequest.swift */; };
		FFFC58002355C1D300D79270 /* StatusViewCell.swift in Sources */ = {isa = PBXBuildFile; fileRef = FFFC57FF2355C1D300D79270 /* StatusViewCell.swift */; };
		FFFC58022356B66000D79270 /* SettingApiRequest.swift in Sources */ = {isa = PBXBuildFile; fileRef = FFFC58012356B66000D79270 /* SettingApiRequest.swift */; };
/* End PBXBuildFile section */

/* Begin PBXFileReference section */
		1B8CDF32D9A6E94518E7866F /* Pods-Like.debug.xcconfig */ = {isa = PBXFileReference; includeInIndex = 1; lastKnownFileType = text.xcconfig; name = "Pods-Like.debug.xcconfig"; path = "Target Support Files/Pods-Like/Pods-Like.debug.xcconfig"; sourceTree = "<group>"; };
		7EEFEB724B4E71FA85A57607 /* Pods-Like.release.xcconfig */ = {isa = PBXFileReference; includeInIndex = 1; lastKnownFileType = text.xcconfig; name = "Pods-Like.release.xcconfig"; path = "Target Support Files/Pods-Like/Pods-Like.release.xcconfig"; sourceTree = "<group>"; };
		BDD53ED9B27E1D3624F05FCA /* Pods_Like.framework */ = {isa = PBXFileReference; explicitFileType = wrapper.framework; includeInIndex = 0; path = Pods_Like.framework; sourceTree = BUILT_PRODUCTS_DIR; };
		DE306B2A2445C0B600186270 /* ArticleApiRequest.swift */ = {isa = PBXFileReference; lastKnownFileType = sourcecode.swift; path = ArticleApiRequest.swift; sourceTree = "<group>"; };
		DE306B2C244696E000186270 /* Article.swift */ = {isa = PBXFileReference; lastKnownFileType = sourcecode.swift; path = Article.swift; sourceTree = "<group>"; };
		DE306B2F2446A84000186270 /* SettingsViewController.swift */ = {isa = PBXFileReference; lastKnownFileType = sourcecode.swift; path = SettingsViewController.swift; sourceTree = "<group>"; };
		DE424771244EDE22009A0FA6 /* ProgressHUD.swift */ = {isa = PBXFileReference; fileEncoding = 4; lastKnownFileType = sourcecode.swift; path = ProgressHUD.swift; sourceTree = "<group>"; };
		DE424773244EE5C1009A0FA6 /* StatusListViewController.swift */ = {isa = PBXFileReference; lastKnownFileType = sourcecode.swift; path = StatusListViewController.swift; sourceTree = "<group>"; };
		DE424775244EF612009A0FA6 /* UserInfoViewController.swift */ = {isa = PBXFileReference; lastKnownFileType = sourcecode.swift; path = UserInfoViewController.swift; sourceTree = "<group>"; };
		DE91B7AF2452ACA6000FF356 /* FeedbackPostViewController.swift */ = {isa = PBXFileReference; lastKnownFileType = sourcecode.swift; path = FeedbackPostViewController.swift; sourceTree = "<group>"; };
		DE91B7B12452CC6B000FF356 /* FeedbackListViewController.swift */ = {isa = PBXFileReference; lastKnownFileType = sourcecode.swift; path = FeedbackListViewController.swift; sourceTree = "<group>"; };
		DE91B7B32452CDC7000FF356 /* Feedback.swift */ = {isa = PBXFileReference; lastKnownFileType = sourcecode.swift; path = Feedback.swift; sourceTree = "<group>"; };
		DE91B7B52452D462000FF356 /* FeedbackViewCell.swift */ = {isa = PBXFileReference; lastKnownFileType = sourcecode.swift; path = FeedbackViewCell.swift; sourceTree = "<group>"; };
		DE91B7B72452EC39000FF356 /* AdminFeedbackListViewController.swift */ = {isa = PBXFileReference; lastKnownFileType = sourcecode.swift; path = AdminFeedbackListViewController.swift; sourceTree = "<group>"; };
		FF0D101E238BAA53009D29C9 /* LKPhotoPreviewViewCell.swift */ = {isa = PBXFileReference; lastKnownFileType = sourcecode.swift; path = LKPhotoPreviewViewCell.swift; sourceTree = "<group>"; };
		FF101C592354044D00B78D41 /* User.swift */ = {isa = PBXFileReference; lastKnownFileType = sourcecode.swift; path = User.swift; sourceTree = "<group>"; };
		FF101C5B235408E000B78D41 /* MeTabTableViewCell.swift */ = {isa = PBXFileReference; lastKnownFileType = sourcecode.swift; path = MeTabTableViewCell.swift; sourceTree = "<group>"; };
		FF101C5D23540C0E00B78D41 /* RegisterViewController.swift */ = {isa = PBXFileReference; lastKnownFileType = sourcecode.swift; path = RegisterViewController.swift; sourceTree = "<group>"; };
		FF101C6023541CED00B78D41 /* MeTableHeaderView.swift */ = {isa = PBXFileReference; lastKnownFileType = sourcecode.swift; path = MeTableHeaderView.swift; sourceTree = "<group>"; };
		FF101C6223541CFE00B78D41 /* MeTableHeaderView.xib */ = {isa = PBXFileReference; lastKnownFileType = file.xib; path = MeTableHeaderView.xib; sourceTree = "<group>"; };
		FF101C64235429C200B78D41 /* UserDetailViewController.swift */ = {isa = PBXFileReference; lastKnownFileType = sourcecode.swift; path = UserDetailViewController.swift; sourceTree = "<group>"; };
		FF1190522351A3C8004E87E8 /* RefreshBackNormalFooter.swift */ = {isa = PBXFileReference; lastKnownFileType = sourcecode.swift; path = RefreshBackNormalFooter.swift; sourceTree = "<group>"; };
		FF1190542351A4EE004E87E8 /* RefreshBackStateFooter.swift */ = {isa = PBXFileReference; lastKnownFileType = sourcecode.swift; path = RefreshBackStateFooter.swift; sourceTree = "<group>"; };
		FF1190592351BB99004E87E8 /* RefreshStateHeader.swift */ = {isa = PBXFileReference; lastKnownFileType = sourcecode.swift; path = RefreshStateHeader.swift; sourceTree = "<group>"; };
		FF11905B2351C354004E87E8 /* RefreshNormalHeader.swift */ = {isa = PBXFileReference; lastKnownFileType = sourcecode.swift; path = RefreshNormalHeader.swift; sourceTree = "<group>"; };
		FF1C1F2E2340827C00D635A6 /* ll.app */ = {isa = PBXFileReference; explicitFileType = wrapper.application; includeInIndex = 0; path = ll.app; sourceTree = BUILT_PRODUCTS_DIR; };
		FF1C1F312340827C00D635A6 /* AppDelegate.swift */ = {isa = PBXFileReference; lastKnownFileType = sourcecode.swift; path = AppDelegate.swift; sourceTree = "<group>"; };
		FF1C1F3A2340827E00D635A6 /* Assets.xcassets */ = {isa = PBXFileReference; lastKnownFileType = folder.assetcatalog; path = Assets.xcassets; sourceTree = "<group>"; };
		FF1C1F3D2340827E00D635A6 /* Base */ = {isa = PBXFileReference; lastKnownFileType = file.storyboard; name = Base; path = Base.lproj/LaunchScreen.storyboard; sourceTree = "<group>"; };
		FF1C1F3F2340827E00D635A6 /* Info.plist */ = {isa = PBXFileReference; lastKnownFileType = text.plist.xml; path = Info.plist; sourceTree = "<group>"; };
		FF1C1F472340865100D635A6 /* Alamofire.framework */ = {isa = PBXFileReference; lastKnownFileType = wrapper.framework; name = Alamofire.framework; path = Carthage/Build/iOS/Alamofire.framework; sourceTree = "<group>"; };
		FF1C1F4B2340866000D635A6 /* Kingfisher.framework */ = {isa = PBXFileReference; lastKnownFileType = wrapper.framework; name = Kingfisher.framework; path = Carthage/Build/iOS/Kingfisher.framework; sourceTree = "<group>"; };
		FF1C1F4E2340867600D635A6 /* SnapKit.framework */ = {isa = PBXFileReference; lastKnownFileType = wrapper.framework; name = SnapKit.framework; path = Carthage/Build/iOS/SnapKit.framework; sourceTree = "<group>"; };
		FF1C1F512340868100D635A6 /* SwiftyJSON.framework */ = {isa = PBXFileReference; lastKnownFileType = wrapper.framework; name = SwiftyJSON.framework; path = Carthage/Build/iOS/SwiftyJSON.framework; sourceTree = "<group>"; };
		FF1C1F5423408B3D00D635A6 /* ArticleDetailViewController.swift */ = {isa = PBXFileReference; lastKnownFileType = sourcecode.swift; path = ArticleDetailViewController.swift; sourceTree = "<group>"; };
		FF1C1F56234090A000D635A6 /* UIScrollViewMjRefresh.swift */ = {isa = PBXFileReference; lastKnownFileType = sourcecode.swift; path = UIScrollViewMjRefresh.swift; sourceTree = "<group>"; };
		FF1C1F592340A44B00D635A6 /* RefreshComponent.swift */ = {isa = PBXFileReference; lastKnownFileType = sourcecode.swift; path = RefreshComponent.swift; sourceTree = "<group>"; };
		FF1C1F5B2340A98600D635A6 /* RefreshFooter.swift */ = {isa = PBXFileReference; lastKnownFileType = sourcecode.swift; path = RefreshFooter.swift; sourceTree = "<group>"; };
		FF1C1F5D2341978800D635A6 /* UIViewFrameEx.swift */ = {isa = PBXFileReference; lastKnownFileType = sourcecode.swift; path = UIViewFrameEx.swift; sourceTree = "<group>"; };
		FF1F1937235F1D3700C77C64 /* libWeChatSDK.a */ = {isa = PBXFileReference; lastKnownFileType = archive.ar; path = libWeChatSDK.a; sourceTree = "<group>"; };
		FF1F1938235F1D3700C77C64 /* WXApi.h */ = {isa = PBXFileReference; fileEncoding = 4; lastKnownFileType = sourcecode.c.h; path = WXApi.h; sourceTree = "<group>"; };
		FF1F1939235F1D3700C77C64 /* WXApiObject.h */ = {isa = PBXFileReference; fileEncoding = 4; lastKnownFileType = sourcecode.c.h; path = WXApiObject.h; sourceTree = "<group>"; };
		FF1F193A235F1D3700C77C64 /* README.txt */ = {isa = PBXFileReference; fileEncoding = 4; lastKnownFileType = text; path = README.txt; sourceTree = "<group>"; };
		FF1F193B235F1D3800C77C64 /* WechatAuthSDK.h */ = {isa = PBXFileReference; fileEncoding = 4; lastKnownFileType = sourcecode.c.h; path = WechatAuthSDK.h; sourceTree = "<group>"; };
		FF1F193F235F1D8900C77C64 /* WXApi-Bridging-Header.h */ = {isa = PBXFileReference; lastKnownFileType = sourcecode.c.h; path = "WXApi-Bridging-Header.h"; sourceTree = "<group>"; };
		FF1F1940235F1E0B00C77C64 /* SystemConfiguration.framework */ = {isa = PBXFileReference; lastKnownFileType = wrapper.framework; name = SystemConfiguration.framework; path = System/Library/Frameworks/SystemConfiguration.framework; sourceTree = SDKROOT; };
		FF1F1942235F1E1500C77C64 /* libc++.tbd */ = {isa = PBXFileReference; lastKnownFileType = "sourcecode.text-based-dylib-definition"; name = "libc++.tbd"; path = "usr/lib/libc++.tbd"; sourceTree = SDKROOT; };
		FF1F1944235F1E2C00C77C64 /* libsqlite3.0.tbd */ = {isa = PBXFileReference; lastKnownFileType = "sourcecode.text-based-dylib-definition"; name = libsqlite3.0.tbd; path = usr/lib/libsqlite3.0.tbd; sourceTree = SDKROOT; };
		FF1F1946235F1E4000C77C64 /* libz.tbd */ = {isa = PBXFileReference; lastKnownFileType = "sourcecode.text-based-dylib-definition"; name = libz.tbd; path = usr/lib/libz.tbd; sourceTree = SDKROOT; };
		FF1F1948235F1EDD00C77C64 /* ll.entitlements */ = {isa = PBXFileReference; lastKnownFileType = text.plist.entitlements; path = ll.entitlements; sourceTree = "<group>"; };
		FF293D92237E85EB00C244F4 /* UserStatusesViewController.swift */ = {isa = PBXFileReference; lastKnownFileType = sourcecode.swift; path = UserStatusesViewController.swift; sourceTree = "<group>"; };
		FF2CA583234DB46C00D1B433 /* ApiManager.swift */ = {isa = PBXFileReference; fileEncoding = 4; lastKnownFileType = sourcecode.swift; path = ApiManager.swift; sourceTree = "<group>"; };
		FF2CA584234DB46C00D1B433 /* ApiRequest.swift */ = {isa = PBXFileReference; fileEncoding = 4; lastKnownFileType = sourcecode.swift; path = ApiRequest.swift; sourceTree = "<group>"; };
		FF2CA587234DC68D00D1B433 /* MainNavigationController.swift */ = {isa = PBXFileReference; lastKnownFileType = sourcecode.swift; path = MainNavigationController.swift; sourceTree = "<group>"; };
		FF331B3F244AFD8E005FACFF /* AppAboutViewController.swift */ = {isa = PBXFileReference; lastKnownFileType = sourcecode.swift; path = AppAboutViewController.swift; sourceTree = "<group>"; };
		FF331B41244C0582005FACFF /* NoDataViewCell.swift */ = {isa = PBXFileReference; lastKnownFileType = sourcecode.swift; path = NoDataViewCell.swift; sourceTree = "<group>"; };
		FF34B9B32366B6C800A702AB /* ArticleViewCell.swift */ = {isa = PBXFileReference; lastKnownFileType = sourcecode.swift; path = ArticleViewCell.swift; sourceTree = "<group>"; };
		FF34B9B52366B7B200A702AB /* SocialShareView.swift */ = {isa = PBXFileReference; lastKnownFileType = sourcecode.swift; path = SocialShareView.swift; sourceTree = "<group>"; };
		FF4135D723506F1F00B27792 /* MainTabBarController.swift */ = {isa = PBXFileReference; lastKnownFileType = sourcecode.swift; path = MainTabBarController.swift; sourceTree = "<group>"; };
		FF4135D92350702900B27792 /* BaseViewController.swift */ = {isa = PBXFileReference; lastKnownFileType = sourcecode.swift; path = BaseViewController.swift; sourceTree = "<group>"; };
		FF4135DB2350704100B27792 /* HomeTabViewController.swift */ = {isa = PBXFileReference; lastKnownFileType = sourcecode.swift; path = HomeTabViewController.swift; sourceTree = "<group>"; };
		FF4135DD2350704F00B27792 /* DiscoverTabViewController.swift */ = {isa = PBXFileReference; lastKnownFileType = sourcecode.swift; path = DiscoverTabViewController.swift; sourceTree = "<group>"; };
		FF4135DF2350705800B27792 /* MeTabViewController.swift */ = {isa = PBXFileReference; lastKnownFileType = sourcecode.swift; path = MeTabViewController.swift; sourceTree = "<group>"; };
		FF4135E3235070DD00B27792 /* UIFontExten.swift */ = {isa = PBXFileReference; fileEncoding = 4; lastKnownFileType = sourcecode.swift; path = UIFontExten.swift; sourceTree = "<group>"; };
		FF4135E4235070DD00B27792 /* ConstUtil.swift */ = {isa = PBXFileReference; fileEncoding = 4; lastKnownFileType = sourcecode.swift; path = ConstUtil.swift; sourceTree = "<group>"; };
		FF4135E6235070DD00B27792 /* ColorUtil.swift */ = {isa = PBXFileReference; fileEncoding = 4; lastKnownFileType = sourcecode.swift; path = ColorUtil.swift; sourceTree = "<group>"; };
		FF4135ED2350733A00B27792 /* BaseTableView.swift */ = {isa = PBXFileReference; lastKnownFileType = sourcecode.swift; path = BaseTableView.swift; sourceTree = "<group>"; };
		FF4135F12350780200B27792 /* RefreshHeader.swift */ = {isa = PBXFileReference; lastKnownFileType = sourcecode.swift; path = RefreshHeader.swift; sourceTree = "<group>"; };
		FF4135F32350821F00B27792 /* RefreshBackFooter.swift */ = {isa = PBXFileReference; lastKnownFileType = sourcecode.swift; path = RefreshBackFooter.swift; sourceTree = "<group>"; };
		FF4135F5235083BC00B27792 /* RefreshAutoFooter.swift */ = {isa = PBXFileReference; lastKnownFileType = sourcecode.swift; path = RefreshAutoFooter.swift; sourceTree = "<group>"; };
		FF4135F82351604700B27792 /* PasswordLoginViewController.swift */ = {isa = PBXFileReference; lastKnownFileType = sourcecode.swift; path = PasswordLoginViewController.swift; sourceTree = "<group>"; };
		FF4135FA2351608200B27792 /* AuthInputView.swift */ = {isa = PBXFileReference; fileEncoding = 4; lastKnownFileType = sourcecode.swift; path = AuthInputView.swift; sourceTree = "<group>"; };
		FF4135FF2351633F00B27792 /* zh-Hans */ = {isa = PBXFileReference; lastKnownFileType = text.plist.strings; name = "zh-Hans"; path = "zh-Hans.lproj/Localizable.strings"; sourceTree = "<group>"; };
		FF4136012351634000B27792 /* en */ = {isa = PBXFileReference; lastKnownFileType = text.plist.strings; name = en; path = en.lproj/Localizable.strings; sourceTree = "<group>"; };
		FF4136022351645300B27792 /* StringLocalizable.swift */ = {isa = PBXFileReference; lastKnownFileType = sourcecode.swift; path = StringLocalizable.swift; sourceTree = "<group>"; };
		FF41360423516CD900B27792 /* KMNavigationBarTransition.framework */ = {isa = PBXFileReference; lastKnownFileType = wrapper.framework; name = KMNavigationBarTransition.framework; path = Carthage/Build/iOS/KMNavigationBarTransition.framework; sourceTree = "<group>"; };
		FF4136082351753C00B27792 /* UserApiRequest.swift */ = {isa = PBXFileReference; lastKnownFileType = sourcecode.swift; path = UserApiRequest.swift; sourceTree = "<group>"; };
		FF4470A22387C309002ED72D /* LKPhotoPickerViewController.swift */ = {isa = PBXFileReference; lastKnownFileType = sourcecode.swift; path = LKPhotoPickerViewController.swift; sourceTree = "<group>"; };
		FF4470A42387CF4B002ED72D /* LKAlbum.swift */ = {isa = PBXFileReference; lastKnownFileType = sourcecode.swift; path = LKAlbum.swift; sourceTree = "<group>"; };
		FF4470A62387D403002ED72D /* LKPhotoViewCell.swift */ = {isa = PBXFileReference; lastKnownFileType = sourcecode.swift; path = LKPhotoViewCell.swift; sourceTree = "<group>"; };
		FF4D27AE2445EB88000CE644 /* WebViewController.swift */ = {isa = PBXFileReference; lastKnownFileType = sourcecode.swift; path = WebViewController.swift; sourceTree = "<group>"; };
		FF4D27B02445F443000CE644 /* Status.swift */ = {isa = PBXFileReference; lastKnownFileType = sourcecode.swift; path = Status.swift; sourceTree = "<group>"; };
		FF4D27B22445F901000CE644 /* StatusUserView.swift */ = {isa = PBXFileReference; lastKnownFileType = sourcecode.swift; path = StatusUserView.swift; sourceTree = "<group>"; };
		FF74780B2341B5350017DC74 /* zh-Hans */ = {isa = PBXFileReference; lastKnownFileType = text.plist.strings; name = "zh-Hans"; path = "zh-Hans.lproj/LaunchScreen.strings"; sourceTree = "<group>"; };
		FF74780F2341B7350017DC74 /* en */ = {isa = PBXFileReference; lastKnownFileType = text.plist.strings; name = en; path = en.lproj/InfoPlist.strings; sourceTree = "<group>"; };
		FF7478112341B7380017DC74 /* zh-Hans */ = {isa = PBXFileReference; lastKnownFileType = text.plist.strings; name = "zh-Hans"; path = "zh-Hans.lproj/InfoPlist.strings"; sourceTree = "<group>"; };
		FF8043D8244F33B2006CB015 /* UserAvatarViewController.swift */ = {isa = PBXFileReference; lastKnownFileType = sourcecode.swift; path = UserAvatarViewController.swift; sourceTree = "<group>"; };
		FF8043DA244F3756006CB015 /* UserNameViewController.swift */ = {isa = PBXFileReference; lastKnownFileType = sourcecode.swift; path = UserNameViewController.swift; sourceTree = "<group>"; };
		FF861D0A236C02300083BE5F /* ConfirmActionView.swift */ = {isa = PBXFileReference; lastKnownFileType = sourcecode.swift; path = ConfirmActionView.swift; sourceTree = "<group>"; };
		FF861D0C236C0A340083BE5F /* ConfirmSheetView.swift */ = {isa = PBXFileReference; lastKnownFileType = sourcecode.swift; path = ConfirmSheetView.swift; sourceTree = "<group>"; };
		FFD8093823545A1C00FE0FCB /* UserTableHeaderView.swift */ = {isa = PBXFileReference; lastKnownFileType = sourcecode.swift; path = UserTableHeaderView.swift; sourceTree = "<group>"; };
		FFD8093A23546A5F00FE0FCB /* PostLinkView.swift */ = {isa = PBXFileReference; lastKnownFileType = sourcecode.swift; path = PostLinkView.swift; sourceTree = "<group>"; };
		FFE1B5C8238C03CD00120D56 /* QiNiuTool.swift */ = {isa = PBXFileReference; lastKnownFileType = sourcecode.swift; path = QiNiuTool.swift; sourceTree = "<group>"; };
		FFFC57FB2355B4F400D79270 /* PostStatusViewController.swift */ = {isa = PBXFileReference; lastKnownFileType = sourcecode.swift; path = PostStatusViewController.swift; sourceTree = "<group>"; };
		FFFC57FD2355B69100D79270 /* StatusApiRequest.swift */ = {isa = PBXFileReference; lastKnownFileType = sourcecode.swift; path = StatusApiRequest.swift; sourceTree = "<group>"; };
		FFFC57FF2355C1D300D79270 /* StatusViewCell.swift */ = {isa = PBXFileReference; lastKnownFileType = sourcecode.swift; path = StatusViewCell.swift; sourceTree = "<group>"; };
		FFFC58012356B66000D79270 /* SettingApiRequest.swift */ = {isa = PBXFileReference; lastKnownFileType = sourcecode.swift; path = SettingApiRequest.swift; sourceTree = "<group>"; };
/* End PBXFileReference section */

/* Begin PBXFrameworksBuildPhase section */
		FF1C1F2B2340827C00D635A6 /* Frameworks */ = {
			isa = PBXFrameworksBuildPhase;
			buildActionMask = 2147483647;
			files = (
				FF1F1941235F1E0B00C77C64 /* SystemConfiguration.framework in Frameworks */,
				FF1F1943235F1E2100C77C64 /* libc++.tbd in Frameworks */,
				FF1F193C235F1D3800C77C64 /* libWeChatSDK.a in Frameworks */,
				FF1F1945235F1E3400C77C64 /* libsqlite3.0.tbd in Frameworks */,
				FF1F1947235F1E4800C77C64 /* libz.tbd in Frameworks */,
				ECEFF0786D051A6000061807 /* Pods_Like.framework in Frameworks */,
			);
			runOnlyForDeploymentPostprocessing = 0;
		};
/* End PBXFrameworksBuildPhase section */

/* Begin PBXGroup section */
		2268EAB11536D4AE3447FEC3 /* Pods */ = {
			isa = PBXGroup;
			children = (
				1B8CDF32D9A6E94518E7866F /* Pods-Like.debug.xcconfig */,
				7EEFEB724B4E71FA85A57607 /* Pods-Like.release.xcconfig */,
			);
			path = Pods;
			sourceTree = "<group>";
		};
		DE306B2E2446A81600186270 /* Settings */ = {
			isa = PBXGroup;
			children = (
				DE306B2F2446A84000186270 /* SettingsViewController.swift */,
				FF331B3F244AFD8E005FACFF /* AppAboutViewController.swift */,
				DE91B7AF2452ACA6000FF356 /* FeedbackPostViewController.swift */,
				DE91B7B12452CC6B000FF356 /* FeedbackListViewController.swift */,
				DE91B7B52452D462000FF356 /* FeedbackViewCell.swift */,
				DE91B7B72452EC39000FF356 /* AdminFeedbackListViewController.swift */,
			);
			path = Settings;
			sourceTree = "<group>";
		};
		FF101C582354044000B78D41 /* Models */ = {
			isa = PBXGroup;
			children = (
				FF101C592354044D00B78D41 /* User.swift */,
				FF4D27B02445F443000CE644 /* Status.swift */,
				DE306B2C244696E000186270 /* Article.swift */,
				DE91B7B32452CDC7000FF356 /* Feedback.swift */,
			);
			path = Models;
			sourceTree = "<group>";
		};
		FF101C5F23541CAA00B78D41 /* Me */ = {
			isa = PBXGroup;
			children = (
				DE306B2E2446A81600186270 /* Settings */,
				FF4135DF2350705800B27792 /* MeTabViewController.swift */,
				FF101C5B235408E000B78D41 /* MeTabTableViewCell.swift */,
				FF101C6023541CED00B78D41 /* MeTableHeaderView.swift */,
				FF101C6223541CFE00B78D41 /* MeTableHeaderView.xib */,
			);
			path = Me;
			sourceTree = "<group>";
		};
		FF1190562351B399004E87E8 /* Base */ = {
			isa = PBXGroup;
			children = (
				FF1C1F592340A44B00D635A6 /* RefreshComponent.swift */,
				FF4135F12350780200B27792 /* RefreshHeader.swift */,
				FF1C1F5B2340A98600D635A6 /* RefreshFooter.swift */,
				FF4135F32350821F00B27792 /* RefreshBackFooter.swift */,
				FF4135F5235083BC00B27792 /* RefreshAutoFooter.swift */,
			);
			path = Base;
			sourceTree = "<group>";
		};
		FF1190572351B3E4004E87E8 /* Extension */ = {
			isa = PBXGroup;
			children = (
				FF1C1F56234090A000D635A6 /* UIScrollViewMjRefresh.swift */,
			);
			path = Extension;
			sourceTree = "<group>";
		};
		FF1190582351B3F0004E87E8 /* Custom */ = {
			isa = PBXGroup;
			children = (
				FF1190542351A4EE004E87E8 /* RefreshBackStateFooter.swift */,
				FF1190522351A3C8004E87E8 /* RefreshBackNormalFooter.swift */,
				FF1190592351BB99004E87E8 /* RefreshStateHeader.swift */,
				FF11905B2351C354004E87E8 /* RefreshNormalHeader.swift */,
			);
			path = Custom;
			sourceTree = "<group>";
		};
		FF1C1F252340827C00D635A6 = {
			isa = PBXGroup;
			children = (
				FF1C1F302340827C00D635A6 /* Like */,
				FF1C1F2F2340827C00D635A6 /* Products */,
				FF1C1F462340865000D635A6 /* Frameworks */,
				2268EAB11536D4AE3447FEC3 /* Pods */,
			);
			sourceTree = "<group>";
		};
		FF1C1F2F2340827C00D635A6 /* Products */ = {
			isa = PBXGroup;
			children = (
				FF1C1F2E2340827C00D635A6 /* ll.app */,
			);
			name = Products;
			sourceTree = "<group>";
		};
		FF1C1F302340827C00D635A6 /* Like */ = {
			isa = PBXGroup;
			children = (
				FF1F1948235F1EDD00C77C64 /* ll.entitlements */,
				FF1C1F312340827C00D635A6 /* AppDelegate.swift */,
				FF101C582354044000B78D41 /* Models */,
				FF4D27B42445FF8F000CE644 /* Moudels */,
				FF4135F02350758D00B27792 /* Resources */,
				FF4135E1235070DD00B27792 /* Utils */,
				FF1F1934235F1CC600C77C64 /* Vendors */,
			);
			path = Like;
			sourceTree = "<group>";
		};
		FF1C1F462340865000D635A6 /* Frameworks */ = {
			isa = PBXGroup;
			children = (
				FF1F1946235F1E4000C77C64 /* libz.tbd */,
				FF1F1944235F1E2C00C77C64 /* libsqlite3.0.tbd */,
				FF1F1942235F1E1500C77C64 /* libc++.tbd */,
				FF1F1940235F1E0B00C77C64 /* SystemConfiguration.framework */,
				FF41360423516CD900B27792 /* KMNavigationBarTransition.framework */,
				FF1C1F512340868100D635A6 /* SwiftyJSON.framework */,
				FF1C1F4E2340867600D635A6 /* SnapKit.framework */,
				FF1C1F4B2340866000D635A6 /* Kingfisher.framework */,
				FF1C1F472340865100D635A6 /* Alamofire.framework */,
				BDD53ED9B27E1D3624F05FCA /* Pods_Like.framework */,
			);
			name = Frameworks;
			sourceTree = "<group>";
		};
		FF1C1F582340A44000D635A6 /* RefreshControl */ = {
			isa = PBXGroup;
			children = (
				FF1190582351B3F0004E87E8 /* Custom */,
				FF1190572351B3E4004E87E8 /* Extension */,
				FF1190562351B399004E87E8 /* Base */,
			);
			path = RefreshControl;
			sourceTree = "<group>";
		};
		FF1F1934235F1CC600C77C64 /* Vendors */ = {
			isa = PBXGroup;
			children = (
				FF1F193E235F1D3E00C77C64 /* WeChatSDK1.8.6 */,
			);
			path = Vendors;
			sourceTree = "<group>";
		};
		FF1F193E235F1D3E00C77C64 /* WeChatSDK1.8.6 */ = {
			isa = PBXGroup;
			children = (
				FF1F193A235F1D3700C77C64 /* README.txt */,
				FF1F193B235F1D3800C77C64 /* WechatAuthSDK.h */,
				FF1F1938235F1D3700C77C64 /* WXApi.h */,
				FF1F1939235F1D3700C77C64 /* WXApiObject.h */,
				FF1F1937235F1D3700C77C64 /* libWeChatSDK.a */,
				FF1F193F235F1D8900C77C64 /* WXApi-Bridging-Header.h */,
			);
			path = WeChatSDK1.8.6;
			sourceTree = "<group>";
		};
		FF293D91237E85C800C244F4 /* Statuses */ = {
			isa = PBXGroup;
			children = (
				FF293D92237E85EB00C244F4 /* UserStatusesViewController.swift */,
				DE424773244EE5C1009A0FA6 /* StatusListViewController.swift */,
			);
			path = Statuses;
			sourceTree = "<group>";
		};
		FF2CA57E234DB17100D1B433 /* ApiManager */ = {
			isa = PBXGroup;
			children = (
				FF2CA583234DB46C00D1B433 /* ApiManager.swift */,
				FF2CA584234DB46C00D1B433 /* ApiRequest.swift */,
				FF4136082351753C00B27792 /* UserApiRequest.swift */,
				FFFC57FD2355B69100D79270 /* StatusApiRequest.swift */,
				FFFC58012356B66000D79270 /* SettingApiRequest.swift */,
				DE306B2A2445C0B600186270 /* ArticleApiRequest.swift */,
			);
			path = ApiManager;
			sourceTree = "<group>";
		};
		FF4135E1235070DD00B27792 /* Utils */ = {
			isa = PBXGroup;
			children = (
				FF2CA57E234DB17100D1B433 /* ApiManager */,
				FFE1B5C7238C03B400120D56 /* Qiniu */,
				FF4470A12387C2DF002ED72D /* PhotoPicker */,
				FF1C1F582340A44000D635A6 /* RefreshControl */,
				FF4135E2235070DD00B27792 /* Extension */,
			);
			path = Utils;
			sourceTree = "<group>";
		};
		FF4135E2235070DD00B27792 /* Extension */ = {
			isa = PBXGroup;
			children = (
				DE424771244EDE22009A0FA6 /* ProgressHUD.swift */,
				FF1C1F5D2341978800D635A6 /* UIViewFrameEx.swift */,
				FF4135E3235070DD00B27792 /* UIFontExten.swift */,
				FF4135E4235070DD00B27792 /* ConstUtil.swift */,
				FF4135E6235070DD00B27792 /* ColorUtil.swift */,
				FF4136022351645300B27792 /* StringLocalizable.swift */,
			);
			path = Extension;
			sourceTree = "<group>";
		};
		FF4135EB2350731000B27792 /* Main */ = {
			isa = PBXGroup;
			children = (
				FF4135D723506F1F00B27792 /* MainTabBarController.swift */,
				FF2CA587234DC68D00D1B433 /* MainNavigationController.swift */,
			);
			path = Main;
			sourceTree = "<group>";
		};
		FF4135EC2350732200B27792 /* Base */ = {
			isa = PBXGroup;
			children = (
				FF4135D92350702900B27792 /* BaseViewController.swift */,
				FF4135ED2350733A00B27792 /* BaseTableView.swift */,
			);
			path = Base;
			sourceTree = "<group>";
		};
		FF4135F02350758D00B27792 /* Resources */ = {
			isa = PBXGroup;
			children = (
				FF1C1F3A2340827E00D635A6 /* Assets.xcassets */,
				FF1C1F3C2340827E00D635A6 /* LaunchScreen.storyboard */,
				FF1C1F3F2340827E00D635A6 /* Info.plist */,
				FF7478102341B7350017DC74 /* InfoPlist.strings */,
				FF4136002351633F00B27792 /* Localizable.strings */,
			);
			path = Resources;
			sourceTree = "<group>";
		};
		FF4135F72351602400B27792 /* Auth */ = {
			isa = PBXGroup;
			children = (
				FF4135FA2351608200B27792 /* AuthInputView.swift */,
				FF4135F82351604700B27792 /* PasswordLoginViewController.swift */,
				FF101C5D23540C0E00B78D41 /* RegisterViewController.swift */,
				FF4D27AE2445EB88000CE644 /* WebViewController.swift */,
			);
			path = Auth;
			sourceTree = "<group>";
		};
		FF4470A12387C2DF002ED72D /* PhotoPicker */ = {
			isa = PBXGroup;
			children = (
				FF4470A22387C309002ED72D /* LKPhotoPickerViewController.swift */,
				FF4470A42387CF4B002ED72D /* LKAlbum.swift */,
				FF4470A62387D403002ED72D /* LKPhotoViewCell.swift */,
				FF0D101E238BAA53009D29C9 /* LKPhotoPreviewViewCell.swift */,
			);
			path = PhotoPicker;
			sourceTree = "<group>";
		};
		FF4D27B42445FF8F000CE644 /* Moudels */ = {
			isa = PBXGroup;
			children = (
				FF4D27B52445FFEE000CE644 /* Views */,
				FF4135EC2350732200B27792 /* Base */,
				FF4135EB2350731000B27792 /* Main */,
				FF4D27B624460006000CE644 /* Home */,
				FF4D27B724460013000CE644 /* Discover */,
				FF101C5F23541CAA00B78D41 /* Me */,
				FF4D27B82446001E000CE644 /* ArticleDetail */,
				FF4D27B924460031000CE644 /* UserDetail */,
				FF4135F72351602400B27792 /* Auth */,
				FF293D91237E85C800C244F4 /* Statuses */,
				FF4D27BA2446004C000CE644 /* Post */,
			);
			path = Moudels;
			sourceTree = "<group>";
		};
		FF4D27B52445FFEE000CE644 /* Views */ = {
			isa = PBXGroup;
			children = (
				FF331B41244C0582005FACFF /* NoDataViewCell.swift */,
				FF34B9B32366B6C800A702AB /* ArticleViewCell.swift */,
				FF861D0A236C02300083BE5F /* ConfirmActionView.swift */,
				FF861D0C236C0A340083BE5F /* ConfirmSheetView.swift */,
				FFD8093A23546A5F00FE0FCB /* PostLinkView.swift */,
				FF34B9B52366B7B200A702AB /* SocialShareView.swift */,
				FF4D27B22445F901000CE644 /* StatusUserView.swift */,
				FFFC57FF2355C1D300D79270 /* StatusViewCell.swift */,
			);
			path = Views;
			sourceTree = "<group>";
		};
		FF4D27B624460006000CE644 /* Home */ = {
			isa = PBXGroup;
			children = (
				FF4135DB2350704100B27792 /* HomeTabViewController.swift */,
			);
			path = Home;
			sourceTree = "<group>";
		};
		FF4D27B724460013000CE644 /* Discover */ = {
			isa = PBXGroup;
			children = (
				FF4135DD2350704F00B27792 /* DiscoverTabViewController.swift */,
			);
			path = Discover;
			sourceTree = "<group>";
		};
		FF4D27B82446001E000CE644 /* ArticleDetail */ = {
			isa = PBXGroup;
			children = (
				FF1C1F5423408B3D00D635A6 /* ArticleDetailViewController.swift */,
			);
			path = ArticleDetail;
			sourceTree = "<group>";
		};
		FF4D27B924460031000CE644 /* UserDetail */ = {
			isa = PBXGroup;
			children = (
				FF101C64235429C200B78D41 /* UserDetailViewController.swift */,
				FFD8093823545A1C00FE0FCB /* UserTableHeaderView.swift */,
				DE424775244EF612009A0FA6 /* UserInfoViewController.swift */,
				FF8043D8244F33B2006CB015 /* UserAvatarViewController.swift */,
				FF8043DA244F3756006CB015 /* UserNameViewController.swift */,
			);
			path = UserDetail;
			sourceTree = "<group>";
		};
		FF4D27BA2446004C000CE644 /* Post */ = {
			isa = PBXGroup;
			children = (
				FFFC57FB2355B4F400D79270 /* PostStatusViewController.swift */,
			);
			path = Post;
			sourceTree = "<group>";
		};
		FFE1B5C7238C03B400120D56 /* Qiniu */ = {
			isa = PBXGroup;
			children = (
				FFE1B5C8238C03CD00120D56 /* QiNiuTool.swift */,
			);
			path = Qiniu;
			sourceTree = "<group>";
		};
/* End PBXGroup section */

/* Begin PBXNativeTarget section */
		FF1C1F2D2340827C00D635A6 /* Like */ = {
			isa = PBXNativeTarget;
			buildConfigurationList = FF1C1F422340827E00D635A6 /* Build configuration list for PBXNativeTarget "Like" */;
			buildPhases = (
				0852092336C0F55C9A73713C /* [CP] Check Pods Manifest.lock */,
				FF1C1F2A2340827C00D635A6 /* Sources */,
				FF1C1F2B2340827C00D635A6 /* Frameworks */,
				FF1C1F2C2340827C00D635A6 /* Resources */,
				FF1C1F45234085DE00D635A6 /* ShellScript */,
				63EF4F525D79E264C3541941 /* [CP] Embed Pods Frameworks */,
			);
			buildRules = (
			);
			dependencies = (
			);
			name = Like;
			productName = Like;
			productReference = FF1C1F2E2340827C00D635A6 /* ll.app */;
			productType = "com.apple.product-type.application";
		};
/* End PBXNativeTarget section */

/* Begin PBXProject section */
		FF1C1F262340827C00D635A6 /* Project object */ = {
			isa = PBXProject;
			attributes = {
				LastSwiftUpdateCheck = 1100;
				LastUpgradeCheck = 1130;
				ORGANIZATIONNAME = likeeee;
				TargetAttributes = {
					FF1C1F2D2340827C00D635A6 = {
						CreatedOnToolsVersion = 11.0;
					};
				};
			};
			buildConfigurationList = FF1C1F292340827C00D635A6 /* Build configuration list for PBXProject "Like" */;
			compatibilityVersion = "Xcode 9.3";
			developmentRegion = en;
			hasScannedForEncodings = 0;
			knownRegions = (
				en,
				Base,
				"zh-Hans",
			);
			mainGroup = FF1C1F252340827C00D635A6;
			productRefGroup = FF1C1F2F2340827C00D635A6 /* Products */;
			projectDirPath = "";
			projectRoot = "";
			targets = (
				FF1C1F2D2340827C00D635A6 /* Like */,
			);
		};
/* End PBXProject section */

/* Begin PBXResourcesBuildPhase section */
		FF1C1F2C2340827C00D635A6 /* Resources */ = {
			isa = PBXResourcesBuildPhase;
			buildActionMask = 2147483647;
			files = (
				FF1C1F3E2340827E00D635A6 /* LaunchScreen.storyboard in Resources */,
				FF101C6323541CFE00B78D41 /* MeTableHeaderView.xib in Resources */,
				FF4135FE2351633F00B27792 /* Localizable.strings in Resources */,
				FF74780E2341B7350017DC74 /* InfoPlist.strings in Resources */,
				FF1F193D235F1D3800C77C64 /* README.txt in Resources */,
				FF1C1F3B2340827E00D635A6 /* Assets.xcassets in Resources */,
			);
			runOnlyForDeploymentPostprocessing = 0;
		};
/* End PBXResourcesBuildPhase section */

/* Begin PBXShellScriptBuildPhase section */
		0852092336C0F55C9A73713C /* [CP] Check Pods Manifest.lock */ = {
			isa = PBXShellScriptBuildPhase;
			buildActionMask = 2147483647;
			files = (
			);
			inputFileListPaths = (
			);
			inputPaths = (
				"${PODS_PODFILE_DIR_PATH}/Podfile.lock",
				"${PODS_ROOT}/Manifest.lock",
			);
			name = "[CP] Check Pods Manifest.lock";
			outputFileListPaths = (
			);
			outputPaths = (
				"$(DERIVED_FILE_DIR)/Pods-Like-checkManifestLockResult.txt",
			);
			runOnlyForDeploymentPostprocessing = 0;
			shellPath = /bin/sh;
			shellScript = "diff \"${PODS_PODFILE_DIR_PATH}/Podfile.lock\" \"${PODS_ROOT}/Manifest.lock\" > /dev/null\nif [ $? != 0 ] ; then\n    # print error to STDERR\n    echo \"error: The sandbox is not in sync with the Podfile.lock. Run 'pod install' or update your CocoaPods installation.\" >&2\n    exit 1\nfi\n# This output is used by Xcode 'outputs' to avoid re-running this script phase.\necho \"SUCCESS\" > \"${SCRIPT_OUTPUT_FILE_0}\"\n";
			showEnvVarsInLog = 0;
		};
		63EF4F525D79E264C3541941 /* [CP] Embed Pods Frameworks */ = {
			isa = PBXShellScriptBuildPhase;
			buildActionMask = 2147483647;
			files = (
			);
			inputFileListPaths = (
				"${PODS_ROOT}/Target Support Files/Pods-Like/Pods-Like-frameworks-${CONFIGURATION}-input-files.xcfilelist",
			);
			name = "[CP] Embed Pods Frameworks";
			outputFileListPaths = (
				"${PODS_ROOT}/Target Support Files/Pods-Like/Pods-Like-frameworks-${CONFIGURATION}-output-files.xcfilelist",
			);
			runOnlyForDeploymentPostprocessing = 0;
			shellPath = /bin/sh;
			shellScript = "\"${PODS_ROOT}/Target Support Files/Pods-Like/Pods-Like-frameworks.sh\"\n";
			showEnvVarsInLog = 0;
		};
		FF1C1F45234085DE00D635A6 /* ShellScript */ = {
			isa = PBXShellScriptBuildPhase;
			buildActionMask = 2147483647;
			files = (
			);
			inputFileListPaths = (
			);
			inputPaths = (
			);
			outputFileListPaths = (
			);
			outputPaths = (
			);
			runOnlyForDeploymentPostprocessing = 0;
			shellPath = /bin/sh;
			shellScript = "# Type a script or drag a script file from your workspace to insert its path.\n\n";
		};
/* End PBXShellScriptBuildPhase section */

/* Begin PBXSourcesBuildPhase section */
		FF1C1F2A2340827C00D635A6 /* Sources */ = {
			isa = PBXSourcesBuildPhase;
			buildActionMask = 2147483647;
			files = (
				FF8043D9244F33B2006CB015 /* UserAvatarViewController.swift in Sources */,
				FF4D27B32445F901000CE644 /* StatusUserView.swift in Sources */,
				FF1C1F5A2340A44B00D635A6 /* RefreshComponent.swift in Sources */,
				DE424772244EDE22009A0FA6 /* ProgressHUD.swift in Sources */,
				FF34B9B42366B6C800A702AB /* ArticleViewCell.swift in Sources */,
				FF331B42244C0582005FACFF /* NoDataViewCell.swift in Sources */,
				FF2CA588234DC68D00D1B433 /* MainNavigationController.swift in Sources */,
				DE306B302446A84000186270 /* SettingsViewController.swift in Sources */,
				FF4470A72387D403002ED72D /* LKPhotoViewCell.swift in Sources */,
				FFD8093923545A1C00FE0FCB /* UserTableHeaderView.swift in Sources */,
				DE91B7B02452ACA6000FF356 /* FeedbackPostViewController.swift in Sources */,
				FF4135D823506F1F00B27792 /* MainTabBarController.swift in Sources */,
				FF101C5A2354044D00B78D41 /* User.swift in Sources */,
				FF34B9B62366B7B200A702AB /* SocialShareView.swift in Sources */,
				FF4135EE2350733A00B27792 /* BaseTableView.swift in Sources */,
				FF2CA585234DB46C00D1B433 /* ApiManager.swift in Sources */,
				FF1C1F57234090A000D635A6 /* UIScrollViewMjRefresh.swift in Sources */,
				FF331B40244AFD8E005FACFF /* AppAboutViewController.swift in Sources */,
				FF4D27AF2445EB88000CE644 /* WebViewController.swift in Sources */,
				FF293D93237E85EB00C244F4 /* UserStatusesViewController.swift in Sources */,
				DE91B7B62452D462000FF356 /* FeedbackViewCell.swift in Sources */,
				FF1190552351A4EE004E87E8 /* RefreshBackStateFooter.swift in Sources */,
				FFFC57FC2355B4F400D79270 /* PostStatusViewController.swift in Sources */,
				FF4135F42350821F00B27792 /* RefreshBackFooter.swift in Sources */,
				FF1190532351A3C8004E87E8 /* RefreshBackNormalFooter.swift in Sources */,
				FF4470A52387CF4B002ED72D /* LKAlbum.swift in Sources */,
				FF4135EA235070DD00B27792 /* ColorUtil.swift in Sources */,
				DE91B7B42452CDC7000FF356 /* Feedback.swift in Sources */,
				DE424774244EE5C1009A0FA6 /* StatusListViewController.swift in Sources */,
				FFFC58002355C1D300D79270 /* StatusViewCell.swift in Sources */,
				FFFC58022356B66000D79270 /* SettingApiRequest.swift in Sources */,
				FFFC57FE2355B69100D79270 /* StatusApiRequest.swift in Sources */,
				FF101C5E23540C0E00B78D41 /* RegisterViewController.swift in Sources */,
				DE91B7B82452EC39000FF356 /* AdminFeedbackListViewController.swift in Sources */,
				FF4135E7235070DD00B27792 /* UIFontExten.swift in Sources */,
				DE91B7B22452CC6B000FF356 /* FeedbackListViewController.swift in Sources */,
				FF861D0D236C0A340083BE5F /* ConfirmSheetView.swift in Sources */,
				FF4135DA2350702900B27792 /* BaseViewController.swift in Sources */,
				DE306B2D244696E000186270 /* Article.swift in Sources */,
				FF1C1F322340827C00D635A6 /* AppDelegate.swift in Sources */,
				FF4135E8235070DD00B27792 /* ConstUtil.swift in Sources */,
				FF4136092351753C00B27792 /* UserApiRequest.swift in Sources */,
				FF4135DC2350704100B27792 /* HomeTabViewController.swift in Sources */,
				FF1C1F5C2340A98600D635A6 /* RefreshFooter.swift in Sources */,
				DE424776244EF612009A0FA6 /* UserInfoViewController.swift in Sources */,
				FF8043DB244F3756006CB015 /* UserNameViewController.swift in Sources */,
				FFE1B5C9238C03CD00120D56 /* QiNiuTool.swift in Sources */,
				FF11905A2351BB99004E87E8 /* RefreshStateHeader.swift in Sources */,
				DE306B2B2445C0B600186270 /* ArticleApiRequest.swift in Sources */,
				FF101C65235429C200B78D41 /* UserDetailViewController.swift in Sources */,
				FF0D101F238BAA53009D29C9 /* LKPhotoPreviewViewCell.swift in Sources */,
				FF1C1F5523408B3D00D635A6 /* ArticleDetailViewController.swift in Sources */,
				FF4135DE2350704F00B27792 /* DiscoverTabViewController.swift in Sources */,
				FF4136032351645300B27792 /* StringLocalizable.swift in Sources */,
				FF4470A32387C309002ED72D /* LKPhotoPickerViewController.swift in Sources */,
				FF4D27B12445F443000CE644 /* Status.swift in Sources */,
				FF1C1F5E2341978800D635A6 /* UIViewFrameEx.swift in Sources */,
				FF861D0B236C02300083BE5F /* ConfirmActionView.swift in Sources */,
				FF11905C2351C354004E87E8 /* RefreshNormalHeader.swift in Sources */,
				FFD8093B23546A5F00FE0FCB /* PostLinkView.swift in Sources */,
				FF4135F92351604700B27792 /* PasswordLoginViewController.swift in Sources */,
				FF4135FB2351608200B27792 /* AuthInputView.swift in Sources */,
				FF2CA586234DB46C00D1B433 /* ApiRequest.swift in Sources */,
				FF4135F22350780200B27792 /* RefreshHeader.swift in Sources */,
				FF4135E02350705800B27792 /* MeTabViewController.swift in Sources */,
				FF4135F6235083BC00B27792 /* RefreshAutoFooter.swift in Sources */,
				FF101C6123541CED00B78D41 /* MeTableHeaderView.swift in Sources */,
				FF101C5C235408E000B78D41 /* MeTabTableViewCell.swift in Sources */,
			);
			runOnlyForDeploymentPostprocessing = 0;
		};
/* End PBXSourcesBuildPhase section */

/* Begin PBXVariantGroup section */
		FF1C1F3C2340827E00D635A6 /* LaunchScreen.storyboard */ = {
			isa = PBXVariantGroup;
			children = (
				FF1C1F3D2340827E00D635A6 /* Base */,
				FF74780B2341B5350017DC74 /* zh-Hans */,
			);
			name = LaunchScreen.storyboard;
			sourceTree = "<group>";
		};
		FF4136002351633F00B27792 /* Localizable.strings */ = {
			isa = PBXVariantGroup;
			children = (
				FF4135FF2351633F00B27792 /* zh-Hans */,
				FF4136012351634000B27792 /* en */,
			);
			name = Localizable.strings;
			sourceTree = "<group>";
		};
		FF7478102341B7350017DC74 /* InfoPlist.strings */ = {
			isa = PBXVariantGroup;
			children = (
				FF74780F2341B7350017DC74 /* en */,
				FF7478112341B7380017DC74 /* zh-Hans */,
			);
			name = InfoPlist.strings;
			sourceTree = "<group>";
		};
/* End PBXVariantGroup section */

/* Begin XCBuildConfiguration section */
		FF1C1F402340827E00D635A6 /* Debug */ = {
			isa = XCBuildConfiguration;
			buildSettings = {
				ALWAYS_SEARCH_USER_PATHS = NO;
				CLANG_ANALYZER_LOCALIZABILITY_NONLOCALIZED = YES;
				CLANG_ANALYZER_NONNULL = YES;
				CLANG_ANALYZER_NUMBER_OBJECT_CONVERSION = YES_AGGRESSIVE;
				CLANG_CXX_LANGUAGE_STANDARD = "gnu++14";
				CLANG_CXX_LIBRARY = "libc++";
				CLANG_ENABLE_MODULES = YES;
				CLANG_ENABLE_OBJC_ARC = YES;
				CLANG_ENABLE_OBJC_WEAK = YES;
				CLANG_WARN_BLOCK_CAPTURE_AUTORELEASING = YES;
				CLANG_WARN_BOOL_CONVERSION = YES;
				CLANG_WARN_COMMA = YES;
				CLANG_WARN_CONSTANT_CONVERSION = YES;
				CLANG_WARN_DEPRECATED_OBJC_IMPLEMENTATIONS = YES;
				CLANG_WARN_DIRECT_OBJC_ISA_USAGE = YES_ERROR;
				CLANG_WARN_DOCUMENTATION_COMMENTS = YES;
				CLANG_WARN_EMPTY_BODY = YES;
				CLANG_WARN_ENUM_CONVERSION = YES;
				CLANG_WARN_INFINITE_RECURSION = YES;
				CLANG_WARN_INT_CONVERSION = YES;
				CLANG_WARN_NON_LITERAL_NULL_CONVERSION = YES;
				CLANG_WARN_OBJC_IMPLICIT_RETAIN_SELF = YES;
				CLANG_WARN_OBJC_LITERAL_CONVERSION = YES;
				CLANG_WARN_OBJC_ROOT_CLASS = YES_ERROR;
				CLANG_WARN_RANGE_LOOP_ANALYSIS = YES;
				CLANG_WARN_STRICT_PROTOTYPES = YES;
				CLANG_WARN_SUSPICIOUS_MOVE = YES;
				CLANG_WARN_UNGUARDED_AVAILABILITY = YES_AGGRESSIVE;
				CLANG_WARN_UNREACHABLE_CODE = YES;
				CLANG_WARN__DUPLICATE_METHOD_MATCH = YES;
				COPY_PHASE_STRIP = NO;
				DEBUG_INFORMATION_FORMAT = dwarf;
				ENABLE_STRICT_OBJC_MSGSEND = YES;
				ENABLE_TESTABILITY = YES;
				GCC_C_LANGUAGE_STANDARD = gnu11;
				GCC_DYNAMIC_NO_PIC = NO;
				GCC_NO_COMMON_BLOCKS = YES;
				GCC_OPTIMIZATION_LEVEL = 0;
				GCC_PREPROCESSOR_DEFINITIONS = (
					"DEBUG=1",
					"$(inherited)",
				);
				GCC_WARN_64_TO_32_BIT_CONVERSION = YES;
				GCC_WARN_ABOUT_RETURN_TYPE = YES_ERROR;
				GCC_WARN_UNDECLARED_SELECTOR = YES;
				GCC_WARN_UNINITIALIZED_AUTOS = YES_AGGRESSIVE;
				GCC_WARN_UNUSED_FUNCTION = YES;
				GCC_WARN_UNUSED_VARIABLE = YES;
				IPHONEOS_DEPLOYMENT_TARGET = 13.0;
				MTL_ENABLE_DEBUG_INFO = INCLUDE_SOURCE;
				MTL_FAST_MATH = YES;
				ONLY_ACTIVE_ARCH = YES;
				SDKROOT = iphoneos;
				SWIFT_ACTIVE_COMPILATION_CONDITIONS = DEBUG;
				SWIFT_OPTIMIZATION_LEVEL = "-Onone";
				SWIFT_VERSION = 5.0;
			};
			name = Debug;
		};
		FF1C1F412340827E00D635A6 /* Release */ = {
			isa = XCBuildConfiguration;
			buildSettings = {
				ALWAYS_SEARCH_USER_PATHS = NO;
				CLANG_ANALYZER_LOCALIZABILITY_NONLOCALIZED = YES;
				CLANG_ANALYZER_NONNULL = YES;
				CLANG_ANALYZER_NUMBER_OBJECT_CONVERSION = YES_AGGRESSIVE;
				CLANG_CXX_LANGUAGE_STANDARD = "gnu++14";
				CLANG_CXX_LIBRARY = "libc++";
				CLANG_ENABLE_MODULES = YES;
				CLANG_ENABLE_OBJC_ARC = YES;
				CLANG_ENABLE_OBJC_WEAK = YES;
				CLANG_WARN_BLOCK_CAPTURE_AUTORELEASING = YES;
				CLANG_WARN_BOOL_CONVERSION = YES;
				CLANG_WARN_COMMA = YES;
				CLANG_WARN_CONSTANT_CONVERSION = YES;
				CLANG_WARN_DEPRECATED_OBJC_IMPLEMENTATIONS = YES;
				CLANG_WARN_DIRECT_OBJC_ISA_USAGE = YES_ERROR;
				CLANG_WARN_DOCUMENTATION_COMMENTS = YES;
				CLANG_WARN_EMPTY_BODY = YES;
				CLANG_WARN_ENUM_CONVERSION = YES;
				CLANG_WARN_INFINITE_RECURSION = YES;
				CLANG_WARN_INT_CONVERSION = YES;
				CLANG_WARN_NON_LITERAL_NULL_CONVERSION = YES;
				CLANG_WARN_OBJC_IMPLICIT_RETAIN_SELF = YES;
				CLANG_WARN_OBJC_LITERAL_CONVERSION = YES;
				CLANG_WARN_OBJC_ROOT_CLASS = YES_ERROR;
				CLANG_WARN_RANGE_LOOP_ANALYSIS = YES;
				CLANG_WARN_STRICT_PROTOTYPES = YES;
				CLANG_WARN_SUSPICIOUS_MOVE = YES;
				CLANG_WARN_UNGUARDED_AVAILABILITY = YES_AGGRESSIVE;
				CLANG_WARN_UNREACHABLE_CODE = YES;
				CLANG_WARN__DUPLICATE_METHOD_MATCH = YES;
				COPY_PHASE_STRIP = NO;
				DEBUG_INFORMATION_FORMAT = "dwarf-with-dsym";
				ENABLE_NS_ASSERTIONS = NO;
				ENABLE_STRICT_OBJC_MSGSEND = YES;
				GCC_C_LANGUAGE_STANDARD = gnu11;
				GCC_NO_COMMON_BLOCKS = YES;
				GCC_WARN_64_TO_32_BIT_CONVERSION = YES;
				GCC_WARN_ABOUT_RETURN_TYPE = YES_ERROR;
				GCC_WARN_UNDECLARED_SELECTOR = YES;
				GCC_WARN_UNINITIALIZED_AUTOS = YES_AGGRESSIVE;
				GCC_WARN_UNUSED_FUNCTION = YES;
				GCC_WARN_UNUSED_VARIABLE = YES;
				IPHONEOS_DEPLOYMENT_TARGET = 13.0;
				MTL_ENABLE_DEBUG_INFO = NO;
				MTL_FAST_MATH = YES;
				SDKROOT = iphoneos;
				SWIFT_COMPILATION_MODE = wholemodule;
				SWIFT_OPTIMIZATION_LEVEL = "-O";
				SWIFT_VERSION = 5.0;
				VALIDATE_PRODUCT = YES;
			};
			name = Release;
		};
		FF1C1F432340827E00D635A6 /* Debug */ = {
			isa = XCBuildConfiguration;
			baseConfigurationReference = 1B8CDF32D9A6E94518E7866F /* Pods-Like.debug.xcconfig */;
			buildSettings = {
				ASSETCATALOG_COMPILER_APPICON_NAME = AppIcon;
				CODE_SIGN_ENTITLEMENTS = Like/ll.entitlements;
				CODE_SIGN_IDENTITY = "Apple Development";
				CODE_SIGN_STYLE = Automatic;
				CURRENT_PROJECT_VERSION = 7;
				DEVELOPMENT_TEAM = 3S73583C2C;
				FRAMEWORK_SEARCH_PATHS = "$(inherited)";
				INFOPLIST_FILE = Like/Resources/Info.plist;
				IPHONEOS_DEPLOYMENT_TARGET = 10.0;
				LD_RUNPATH_SEARCH_PATHS = (
					"$(inherited)",
					"@executable_path/Frameworks",
				);
				LIBRARY_SEARCH_PATHS = (
					"$(inherited)",
					"$(PROJECT_DIR)/Like/Vendors/WeChatSDK1.8.6",
				);
				MARKETING_VERSION = 1.0.0;
				OTHER_LDFLAGS = (
					"$(inherited)",
					"-ObjC",
					"-all_load",
				);
				PRODUCT_BUNDLE_IDENTIFIER = com.likeeee.test.like1;
				PRODUCT_NAME = ll;
				PROVISIONING_PROFILE_SPECIFIER = "";
				SWIFT_OBJC_BRIDGING_HEADER = "Like/Vendors/WeChatSDK1.8.6/WXApi-Bridging-Header.h";
				SWIFT_VERSION = 5.0;
				TARGETED_DEVICE_FAMILY = 1;
			};
			name = Debug;
		};
		FF1C1F442340827E00D635A6 /* Release */ = {
			isa = XCBuildConfiguration;
			baseConfigurationReference = 7EEFEB724B4E71FA85A57607 /* Pods-Like.release.xcconfig */;
			buildSettings = {
				ASSETCATALOG_COMPILER_APPICON_NAME = AppIcon;
				CODE_SIGN_ENTITLEMENTS = Like/ll.entitlements;
				CODE_SIGN_IDENTITY = "Apple Development";
				CODE_SIGN_STYLE = Automatic;
				CURRENT_PROJECT_VERSION = 7;
				DEVELOPMENT_TEAM = 3S73583C2C;
				FRAMEWORK_SEARCH_PATHS = "$(inherited)";
				INFOPLIST_FILE = Like/Resources/Info.plist;
				IPHONEOS_DEPLOYMENT_TARGET = 10.0;
				LD_RUNPATH_SEARCH_PATHS = (
					"$(inherited)",
					"@executable_path/Frameworks",
				);
				LIBRARY_SEARCH_PATHS = (
					"$(inherited)",
					"$(PROJECT_DIR)/Like/Vendors/WeChatSDK1.8.6",
				);
				MARKETING_VERSION = 1.0.0;
				OTHER_LDFLAGS = (
					"$(inherited)",
					"-ObjC",
					"-all_load",
				);
				PRODUCT_BUNDLE_IDENTIFIER = com.likeeee.test.like1;
				PRODUCT_NAME = ll;
				PROVISIONING_PROFILE_SPECIFIER = "";
				SWIFT_OBJC_BRIDGING_HEADER = "Like/Vendors/WeChatSDK1.8.6/WXApi-Bridging-Header.h";
				SWIFT_VERSION = 5.0;
				TARGETED_DEVICE_FAMILY = 1;
			};
			name = Release;
		};
/* End XCBuildConfiguration section */

/* Begin XCConfigurationList section */
		FF1C1F292340827C00D635A6 /* Build configuration list for PBXProject "Like" */ = {
			isa = XCConfigurationList;
			buildConfigurations = (
				FF1C1F402340827E00D635A6 /* Debug */,
				FF1C1F412340827E00D635A6 /* Release */,
			);
			defaultConfigurationIsVisible = 0;
			defaultConfigurationName = Release;
		};
		FF1C1F422340827E00D635A6 /* Build configuration list for PBXNativeTarget "Like" */ = {
			isa = XCConfigurationList;
			buildConfigurations = (
				FF1C1F432340827E00D635A6 /* Debug */,
				FF1C1F442340827E00D635A6 /* Release */,
			);
			defaultConfigurationIsVisible = 0;
			defaultConfigurationName = Release;
		};
/* End XCConfigurationList section */
	};
	rootObject = FF1C1F262340827C00D635A6 /* Project object */;
}
